Microsoft Visual Studio Solution File, Format Version 11.00
# Visual Studio 2010
Project("{2150E333-8FDC-42A3-9474-1A3956D46DE8}") = "ProgrammersGuide", "ProgrammersGuide", "{43C85F10-E68B-4718-9F8B-1C72C601906D}"
EndProject
Project("{2150E333-8FDC-42A3-9474-1A3956D46DE8}") = "WorkingWithProjects", "WorkingWithProjects", "{D28AB132-8430-48CE-BFA0-F1D1553CF067}"
EndProject
Project("{FAE04EC0-301F-11D3-BF4B-00C04F79EFBC}") = "CreatingEmptyProjectFile", "ProgrammersGuide\WorkingWithProjects\CreatingEmptyProjectFile\CSharp\CreatingEmptyProjectFile.csproj", "{0DD9E251-2571-4EF5-8471-0918E6074279}"
EndProject
Project("{FAE04EC0-301F-11D3-BF4B-00C04F79EFBC}") = "SettingAttributesForNewTasks", "ProgrammersGuide\WorkingWithProjects\SettingAttributesForNewTasks\CSharp\SettingAttributesForNewTasks.csproj", "{B9F35AEE-9298-4844-8FD7-AF3D60852D77}"
EndProject
Project("{FAE04EC0-301F-11D3-BF4B-00C04F79EFBC}") = "AddRemoveTasks", "ProgrammersGuide\WorkingWithProjects\AddRemoveTasks\CSharp\AddRemoveTasks.csproj", "{452D4ED4-F7AB-44F9-A287-25408DBB23DF}"
EndProject
Project("{FAE04EC0-301F-11D3-BF4B-00C04F79EFBC}") = "DeterminingProjectVersion", "ProgrammersGuide\WorkingWithProjects\DeterminingProjectVersion\CSharp\DeterminingProjectVersion.csproj", "{8B3445EA-46FF-42B0-859C-2F6C09FFE139}"
EndProject
Project("{FAE04EC0-301F-11D3-BF4B-00C04F79EFBC}") = "GeneralProjectProperties", "ProgrammersGuide\WorkingWithProjects\GeneralProjectProperties\CSharp\GeneralProjectProperties.csproj", "{993B9A9B-3FC2-4443-BAED-5AC7793521C8}"
EndProject
Project("{FAE04EC0-301F-11D3-BF4B-00C04F79EFBC}") = "DefaultProjectProperties", "ProgrammersGuide\WorkingWithProjects\DefaultProjectProperties\CSharp\DefaultProjectProperties.csproj", "{003FAABF-448D-414D-97DC-5F6AF3E1A01B}"
EndProject
Project("{FAE04EC0-301F-11D3-BF4B-00C04F79EFBC}") = "WriteMPPProjectSummary", "ProgrammersGuide\WorkingWithProjects\WriteMPPProjectSummary\CSharp\WriteMPPProjectSummary.csproj", "{40C29FA4-5A9E-4228-9E6D-BD078B22B3F1}"
EndProject
Project("{FAE04EC0-301F-11D3-BF4B-00C04F79EFBC}") = "FiscalYearProperties", "ProgrammersGuide\WorkingWithProjects\FiscalYearProperties\CSharp\FiscalYearProperties.csproj", "{B464FA2C-A108-4D76-B78E-F37B46B237D8}"
EndProject
Project("{FAE04EC0-301F-11D3-BF4B-00C04F79EFBC}") = "WeekdayProperties", "ProgrammersGuide\WorkingWithProjects\WeekdayProperties\CSharp\WeekdayProperties.csproj", "{D4CDA452-CD8F-4046-BF94-B5BF48A4156B}"
EndProject
Project("{FAE04EC0-301F-11D3-BF4B-00C04F79EFBC}") = "ReadingProjectFiles", "ProgrammersGuide\WorkingWithProjects\ReadingProjectFiles\CSharp\ReadingProjectFiles.csproj", "{9946EE96-62A5-4CCD-913D-38D54E2871A8}"
EndProject
Project("{FAE04EC0-301F-11D3-BF4B-00C04F79EFBC}") = "RetrievingCalendarInformation", "ProgrammersGuide\WorkingWithProjects\RetrievingCalendarInformation\CSharp\RetrievingCalendarInformation.csproj", "{4FDB8A5E-A42D-4909-98E0-1FC4A8CA12B5}"
EndProject
Project("{FAE04EC0-301F-11D3-BF4B-00C04F79EFBC}") = "RetrievingTaskInformation", "ProgrammersGuide\WorkingWithProjects\RetrievingTaskInformation\CSharp\RetrievingTaskInformation.csproj", "{3DF47A63-F4B4-4D86-9B1C-D6D39E4F2DBF}"
EndProject
Project("{FAE04EC0-301F-11D3-BF4B-00C04F79EFBC}") = "WritingTasksToProject", "ProgrammersGuide\WorkingWithProjects\WritingTasksToProject\CSharp\WritingTasksToProject.csproj", "{7AC545C8-0CAF-4007-BD40-77806B868B2E}"
EndProject
Project("{2150E333-8FDC-42A3-9474-1A3956D46DE8}") = "CurrencyProperties", "CurrencyProperties", "{EA48BCFE-D82E-4ABF-ABD7-753A38BC3091}"
EndProject
Project("{FAE04EC0-301F-11D3-BF4B-00C04F79EFBC}") = "ReadingCurrencyProperties", "ProgrammersGuide\WorkingWithProjects\CurrencyProperties\ReadingCurrencyProperties\CSharp\ReadingCurrencyProperties.csproj", "{4C51CCEF-D8AE-48ED-8BAC-501E1F64B089}"
EndProject
Project("{FAE04EC0-301F-11D3-BF4B-00C04F79EFBC}") = "SetCurrencyProperties", "ProgrammersGuide\WorkingWithProjects\CurrencyProperties\SetCurrencyProperties\CSharp\SetCurrencyProperties.csproj", "{C6DA2044-5336-4040-899C-C203BA1AE31A}"
EndProject
Global
	GlobalSection(SolutionConfigurationPlatforms) = preSolution
		Debug|Any CPU = Debug|Any CPU
		Release|Any CPU = Release|Any CPU
	EndGlobalSection
	GlobalSection(ProjectConfigurationPlatforms) = postSolution
		{0DD9E251-2571-4EF5-8471-0918E6074279}.Debug|Any CPU.ActiveCfg = Debug|Any CPU
		{0DD9E251-2571-4EF5-8471-0918E6074279}.Debug|Any CPU.Build.0 = Debug|Any CPU
		{0DD9E251-2571-4EF5-8471-0918E6074279}.Release|Any CPU.ActiveCfg = Release|Any CPU
		{B9F35AEE-9298-4844-8FD7-AF3D60852D77}.Debug|Any CPU.ActiveCfg = Debug|Any CPU
		{B9F35AEE-9298-4844-8FD7-AF3D60852D77}.Debug|Any CPU.Build.0 = Debug|Any CPU
		{B9F35AEE-9298-4844-8FD7-AF3D60852D77}.Release|Any CPU.ActiveCfg = Release|Any CPU
		{452D4ED4-F7AB-44F9-A287-25408DBB23DF}.Debug|Any CPU.ActiveCfg = Debug|Any CPU
		{452D4ED4-F7AB-44F9-A287-25408DBB23DF}.Debug|Any CPU.Build.0 = Debug|Any CPU
		{452D4ED4-F7AB-44F9-A287-25408DBB23DF}.Release|Any CPU.ActiveCfg = Release|Any CPU
		{8B3445EA-46FF-42B0-859C-2F6C09FFE139}.Debug|Any CPU.ActiveCfg = Debug|Any CPU
		{8B3445EA-46FF-42B0-859C-2F6C09FFE139}.Debug|Any CPU.Build.0 = Debug|Any CPU
		{8B3445EA-46FF-42B0-859C-2F6C09FFE139}.Release|Any CPU.ActiveCfg = Release|Any CPU
		{993B9A9B-3FC2-4443-BAED-5AC7793521C8}.Debug|Any CPU.ActiveCfg = Debug|Any CPU
		{993B9A9B-3FC2-4443-BAED-5AC7793521C8}.Debug|Any CPU.Build.0 = Debug|Any CPU
		{993B9A9B-3FC2-4443-BAED-5AC7793521C8}.Release|Any CPU.ActiveCfg = Release|Any CPU
		{003FAABF-448D-414D-97DC-5F6AF3E1A01B}.Debug|Any CPU.ActiveCfg = Debug|Any CPU
		{003FAABF-448D-414D-97DC-5F6AF3E1A01B}.Debug|Any CPU.Build.0 = Debug|Any CPU
		{003FAABF-448D-414D-97DC-5F6AF3E1A01B}.Release|Any CPU.ActiveCfg = Release|Any CPU
		{40C29FA4-5A9E-4228-9E6D-BD078B22B3F1}.Debug|Any CPU.ActiveCfg = Debug|Any CPU
		{40C29FA4-5A9E-4228-9E6D-BD078B22B3F1}.Debug|Any CPU.Build.0 = Debug|Any CPU
		{40C29FA4-5A9E-4228-9E6D-BD078B22B3F1}.Release|Any CPU.ActiveCfg = Release|Any CPU
		{B464FA2C-A108-4D76-B78E-F37B46B237D8}.Debug|Any CPU.ActiveCfg = Debug|Any CPU
		{B464FA2C-A108-4D76-B78E-F37B46B237D8}.Debug|Any CPU.Build.0 = Debug|Any CPU
		{B464FA2C-A108-4D76-B78E-F37B46B237D8}.Release|Any CPU.ActiveCfg = Release|Any CPU
		{D4CDA452-CD8F-4046-BF94-B5BF48A4156B}.Debug|Any CPU.ActiveCfg = Debug|Any CPU
		{D4CDA452-CD8F-4046-BF94-B5BF48A4156B}.Debug|Any CPU.Build.0 = Debug|Any CPU
		{D4CDA452-CD8F-4046-BF94-B5BF48A4156B}.Release|Any CPU.ActiveCfg = Release|Any CPU
		{9946EE96-62A5-4CCD-913D-38D54E2871A8}.Debug|Any CPU.ActiveCfg = Debug|Any CPU
		{9946EE96-62A5-4CCD-913D-38D54E2871A8}.Debug|Any CPU.Build.0 = Debug|Any CPU
		{9946EE96-62A5-4CCD-913D-38D54E2871A8}.Release|Any CPU.ActiveCfg = Release|Any CPU
		{4FDB8A5E-A42D-4909-98E0-1FC4A8CA12B5}.Debug|Any CPU.ActiveCfg = Debug|Any CPU
		{4FDB8A5E-A42D-4909-98E0-1FC4A8CA12B5}.Debug|Any CPU.Build.0 = Debug|Any CPU
		{4FDB8A5E-A42D-4909-98E0-1FC4A8CA12B5}.Release|Any CPU.ActiveCfg = Release|Any CPU
		{3DF47A63-F4B4-4D86-9B1C-D6D39E4F2DBF}.Debug|Any CPU.ActiveCfg = Debug|Any CPU
		{3DF47A63-F4B4-4D86-9B1C-D6D39E4F2DBF}.Debug|Any CPU.Build.0 = Debug|Any CPU
		{3DF47A63-F4B4-4D86-9B1C-D6D39E4F2DBF}.Release|Any CPU.ActiveCfg = Release|Any CPU
		{7AC545C8-0CAF-4007-BD40-77806B868B2E}.Debug|Any CPU.ActiveCfg = Debug|Any CPU
		{7AC545C8-0CAF-4007-BD40-77806B868B2E}.Debug|Any CPU.Build.0 = Debug|Any CPU
		{7AC545C8-0CAF-4007-BD40-77806B868B2E}.Release|Any CPU.ActiveCfg = Release|Any CPU
		{4C51CCEF-D8AE-48ED-8BAC-501E1F64B089}.Debug|Any CPU.ActiveCfg = Debug|Any CPU
		{4C51CCEF-D8AE-48ED-8BAC-501E1F64B089}.Debug|Any CPU.Build.0 = Debug|Any CPU
		{4C51CCEF-D8AE-48ED-8BAC-501E1F64B089}.Release|Any CPU.ActiveCfg = Release|Any CPU
		{C6DA2044-5336-4040-899C-C203BA1AE31A}.Debug|Any CPU.ActiveCfg = Debug|Any CPU
		{C6DA2044-5336-4040-899C-C203BA1AE31A}.Debug|Any CPU.Build.0 = Debug|Any CPU
		{C6DA2044-5336-4040-899C-C203BA1AE31A}.Release|Any CPU.ActiveCfg = Release|Any CPU
	EndGlobalSection
	GlobalSection(SolutionProperties) = preSolution
		HideSolutionNode = FALSE
	EndGlobalSection
	GlobalSection(NestedProjects) = preSolution
		{D28AB132-8430-48CE-BFA0-F1D1553CF067} = {43C85F10-E68B-4718-9F8B-1C72C601906D}
		{0DD9E251-2571-4EF5-8471-0918E6074279} = {D28AB132-8430-48CE-BFA0-F1D1553CF067}
		{B9F35AEE-9298-4844-8FD7-AF3D60852D77} = {D28AB132-8430-48CE-BFA0-F1D1553CF067}
		{452D4ED4-F7AB-44F9-A287-25408DBB23DF} = {D28AB132-8430-48CE-BFA0-F1D1553CF067}
		{8B3445EA-46FF-42B0-859C-2F6C09FFE139} = {D28AB132-8430-48CE-BFA0-F1D1553CF067}
		{993B9A9B-3FC2-4443-BAED-5AC7793521C8} = {D28AB132-8430-48CE-BFA0-F1D1553CF067}
		{003FAABF-448D-414D-97DC-5F6AF3E1A01B} = {D28AB132-8430-48CE-BFA0-F1D1553CF067}
		{40C29FA4-5A9E-4228-9E6D-BD078B22B3F1} = {D28AB132-8430-48CE-BFA0-F1D1553CF067}
		{B464FA2C-A108-4D76-B78E-F37B46B237D8} = {D28AB132-8430-48CE-BFA0-F1D1553CF067}
		{D4CDA452-CD8F-4046-BF94-B5BF48A4156B} = {D28AB132-8430-48CE-BFA0-F1D1553CF067}
		{9946EE96-62A5-4CCD-913D-38D54E2871A8} = {D28AB132-8430-48CE-BFA0-F1D1553CF067}
		{4FDB8A5E-A42D-4909-98E0-1FC4A8CA12B5} = {D28AB132-8430-48CE-BFA0-F1D1553CF067}
		{3DF47A63-F4B4-4D86-9B1C-D6D39E4F2DBF} = {D28AB132-8430-48CE-BFA0-F1D1553CF067}
		{7AC545C8-0CAF-4007-BD40-77806B868B2E} = {D28AB132-8430-48CE-BFA0-F1D1553CF067}
		{EA48BCFE-D82E-4ABF-ABD7-753A38BC3091} = {D28AB132-8430-48CE-BFA0-F1D1553CF067}
		{4C51CCEF-D8AE-48ED-8BAC-501E1F64B089} = {EA48BCFE-D82E-4ABF-ABD7-753A38BC3091}
		{C6DA2044-5336-4040-899C-C203BA1AE31A} = {EA48BCFE-D82E-4ABF-ABD7-753A38BC3091}
	EndGlobalSection
EndGlobal
