Microsoft Visual Studio Solution File, Format Version 9.00
# Visual Studio 2005
Project("{2150E333-8FDC-42A3-9474-1A3956D46DE8}") = "ProgrammersGuide", "ProgrammersGuide", "{43C85F10-E68B-4718-9F8B-1C72C601906D}"
EndProject
Project("{2150E333-8FDC-42A3-9474-1A3956D46DE8}") = "WorkingWithProjects", "WorkingWithProjects", "{D28AB132-8430-48CE-BFA0-F1D1553CF067}"
EndProject
Project("{FAE04EC0-301F-11D3-BF4B-00C04F79EFBC}") = "CreatingEmptyProjectFile", "ProgrammersGuide\WorkingWithProjects\CreatingEmptyProjectFile\CSharp\CreatingEmptyProjectFile.csproj", "{0DD9E251-2571-4EF5-8471-0918E6074279}"
EndProject
Project("{FAE04EC0-301F-11D3-BF4B-00C04F79EFBC}") = "SettingAttributesForNewTasks", "ProgrammersGuide\WorkingWithProjects\SettingAttributesForNewTasks\CSharp\SettingAttributesForNewTasks.csproj", "{B9F35AEE-9298-4844-8FD7-AF3D60852D77}"
EndProject
Project("{FAE04EC0-301F-11D3-BF4B-00C04F79EFBC}") = "AddRemoveTasks", "ProgrammersGuide\WorkingWithProjects\AddRemoveTasks\CSharp\AddRemoveTasks.csproj", "{452D4ED4-F7AB-44F9-A287-25408DBB23DF}"
EndProject
Project("{FAE04EC0-301F-11D3-BF4B-00C04F79EFBC}") = "DeterminingProjectVersion", "ProgrammersGuide\WorkingWithProjects\DeterminingProjectVersion\CSharp\DeterminingProjectVersion.csproj", "{8B3445EA-46FF-42B0-859C-2F6C09FFE139}"
EndProject
Project("{FAE04EC0-301F-11D3-BF4B-00C04F79EFBC}") = "GeneralProjectProperties", "ProgrammersGuide\WorkingWithProjects\GeneralProjectProperties\CSharp\GeneralProjectProperties.csproj", "{993B9A9B-3FC2-4443-BAED-5AC7793521C8}"
EndProject
Project("{FAE04EC0-301F-11D3-BF4B-00C04F79EFBC}") = "DefaultProjectProperties", "ProgrammersGuide\WorkingWithProjects\DefaultProjectProperties\CSharp\DefaultProjectProperties.csproj", "{003FAABF-448D-414D-97DC-5F6AF3E1A01B}"
EndProject
Project("{FAE04EC0-301F-11D3-BF4B-00C04F79EFBC}") = "WriteMPPProjectSummary", "ProgrammersGuide\WorkingWithProjects\WriteMPPProjectSummary\CSharp\WriteMPPProjectSummary.csproj", "{40C29FA4-5A9E-4228-9E6D-BD078B22B3F1}"
EndProject
Project("{FAE04EC0-301F-11D3-BF4B-00C04F79EFBC}") = "FiscalYearProperties", "ProgrammersGuide\WorkingWithProjects\FiscalYearProperties\CSharp\FiscalYearProperties.csproj", "{B464FA2C-A108-4D76-B78E-F37B46B237D8}"
EndProject
Project("{FAE04EC0-301F-11D3-BF4B-00C04F79EFBC}") = "WeekdayProperties", "ProgrammersGuide\WorkingWithProjects\WeekdayProperties\CSharp\WeekdayProperties.csproj", "{D4CDA452-CD8F-4046-BF94-B5BF48A4156B}"
EndProject
Project("{FAE04EC0-301F-11D3-BF4B-00C04F79EFBC}") = "ReadingProjectFiles", "ProgrammersGuide\WorkingWithProjects\ReadingProjectFiles\CSharp\ReadingProjectFiles.csproj", "{9946EE96-62A5-4CCD-913D-38D54E2871A8}"
EndProject
Project("{FAE04EC0-301F-11D3-BF4B-00C04F79EFBC}") = "RetrievingCalendarInformation", "ProgrammersGuide\WorkingWithProjects\RetrievingCalendarInformation\CSharp\RetrievingCalendarInformation.csproj", "{4FDB8A5E-A42D-4909-98E0-1FC4A8CA12B5}"
EndProject
Project("{FAE04EC0-301F-11D3-BF4B-00C04F79EFBC}") = "RetrievingTaskInformation", "ProgrammersGuide\WorkingWithProjects\RetrievingTaskInformation\CSharp\RetrievingTaskInformation.csproj", "{3DF47A63-F4B4-4D86-9B1C-D6D39E4F2DBF}"
EndProject
Project("{FAE04EC0-301F-11D3-BF4B-00C04F79EFBC}") = "WritingTasksToProject", "ProgrammersGuide\WorkingWithProjects\WritingTasksToProject\CSharp\WritingTasksToProject.csproj", "{7AC545C8-0CAF-4007-BD40-77806B868B2E}"
EndProject
Project("{FAE04EC0-301F-11D3-BF4B-00C04F79EFBC}") = "RetrievingTaskLinks", "ProgrammersGuide\WorkingWithProjects\RetrievingTaskLinks\CSharp\RetrievingTaskLinks.csproj", "{E657BBDE-B292-4ABD-9E7C-F9E0A5E15FAB}"
EndProject
Project("{FAE04EC0-301F-11D3-BF4B-00C04F79EFBC}") = "AddingAndRemovingTaskLinks", "ProgrammersGuide\WorkingWithProjects\AddingAndRemovingTaskLinks\CSharp\AddingAndRemovingTaskLinks.csproj", "{B0ABAAF8-3D2A-4D97-99C1-69764DD83C79}"
EndProject
Project("{FAE04EC0-301F-11D3-BF4B-00C04F79EFBC}") = "DefiningRootTask", "ProgrammersGuide\WorkingWithProjects\DefiningRootTask\CSharp\DefiningRootTask.csproj", "{313BE7E6-E4A3-478F-A12B-85F7C9E64F78}"
EndProject
Project("{FAE04EC0-301F-11D3-BF4B-00C04F79EFBC}") = "AddingAndRemovingResources", "ProgrammersGuide\WorkingWithProjects\AddingAndRemovingResources\CSharp\AddingAndRemovingResources.csproj", "{2A2D26CA-AF71-499D-8EA4-AB5C357320B4}"
EndProject
Project("{FAE04EC0-301F-11D3-BF4B-00C04F79EFBC}") = "WritingResourcesToProject", "ProgrammersGuide\WorkingWithProjects\WritingResourcesToProject\CSharp\WritingResourcesToProject.csproj", "{DD42C848-70D8-4408-B49A-E248866EB4B9}"
EndProject
Project("{2150E333-8FDC-42A3-9474-1A3956D46DE8}") = "CurrencyProperties", "CurrencyProperties", "{EA48BCFE-D82E-4ABF-ABD7-753A38BC3091}"
EndProject
Project("{FAE04EC0-301F-11D3-BF4B-00C04F79EFBC}") = "ReadingCurrencyProperties", "ProgrammersGuide\WorkingWithProjects\CurrencyProperties\ReadingCurrencyProperties\CSharp\ReadingCurrencyProperties.csproj", "{4C51CCEF-D8AE-48ED-8BAC-501E1F64B089}"
EndProject
Project("{FAE04EC0-301F-11D3-BF4B-00C04F79EFBC}") = "SetCurrencyProperties", "ProgrammersGuide\WorkingWithProjects\CurrencyProperties\SetCurrencyProperties\CSharp\SetCurrencyProperties.csproj", "{C6DA2044-5336-4040-899C-C203BA1AE31A}"
EndProject
Project("{2150E333-8FDC-42A3-9474-1A3956D46DE8}") = "WorkingWithTasks", "WorkingWithTasks", "{66245B4B-F49D-44B1-B628-0609B22A17C3}"
EndProject
Project("{FAE04EC0-301F-11D3-BF4B-00C04F79EFBC}") = "CreatingTasks", "ProgrammersGuide\WorkingWithTasks\CreatingTasks\CSharp\CreatingTasks.csproj", "{E253443F-51D1-44F6-9D56-02BB9B59ADE5}"
EndProject
Project("{FAE04EC0-301F-11D3-BF4B-00C04F79EFBC}") = "AddingNewTask", "ProgrammersGuide\WorkingWithTasks\AddingNewTask\CSharp\AddingNewTask.csproj", "{9DB5A0BC-2A15-47FC-B822-2C1BDED318ED}"
EndProject
Project("{FAE04EC0-301F-11D3-BF4B-00C04F79EFBC}") = "ManagingDurations", "ProgrammersGuide\WorkingWithTasks\ManagingDurations\CSharp\ManagingDurations.csproj", "{004DE56D-E005-4013-8113-DF04D58EDBFB}"
EndProject
Project("{2150E333-8FDC-42A3-9474-1A3956D46DE8}") = "ReadingAndWritingGeneralProperties", "ReadingAndWritingGeneralProperties", "{3526873F-AD47-4344-BAC2-A434C74817A9}"
EndProject
Project("{FAE04EC0-301F-11D3-BF4B-00C04F79EFBC}") = "SettingGeneralProperties", "ProgrammersGuide\WorkingWithTasks\ReadingAndWritingGeneralProperties\SettingGeneralProperties\CSharp\SettingGeneralProperties.csproj", "{D70F5C2B-B057-4221-9673-0445FF7B39AE}"
EndProject
Project("{FAE04EC0-301F-11D3-BF4B-00C04F79EFBC}") = "GettingGeneralProperties", "ProgrammersGuide\WorkingWithTasks\ReadingAndWritingGeneralProperties\GettingGeneralProperties\CSharp\GettingGeneralProperties.csproj", "{C9A69BA0-FE1E-4A4F-A5CB-3E54A587FED7}"
EndProject
Project("{2150E333-8FDC-42A3-9474-1A3956D46DE8}") = "TasksAndCalendars", "TasksAndCalendars", "{AA068BAA-36C8-4B77-95C4-0DA0374904A7}"
EndProject
Project("{FAE04EC0-301F-11D3-BF4B-00C04F79EFBC}") = "SettingTaskCalendar", "ProgrammersGuide\WorkingWithTasks\TasksAndCalendars\SettingTaskCalendar\CSharp\SettingTaskCalendar.csproj", "{A6D253BA-B80D-49A3-AD22-A4FD0527A8EA}"
EndProject
Project("{FAE04EC0-301F-11D3-BF4B-00C04F79EFBC}") = "GettingTaskCalendar", "ProgrammersGuide\WorkingWithTasks\TasksAndCalendars\GettingTaskCalendar\CSharp\GettingTaskCalendar.csproj", "{3A70AB1A-0064-4C30-BD39-EFBBE5A676A1}"
EndProject
Project("{2150E333-8FDC-42A3-9474-1A3956D46DE8}") = "HandlingTaskConstraints", "HandlingTaskConstraints", "{33062EAF-111F-40AE-9063-15D7CAA108FE}"
EndProject
Project("{FAE04EC0-301F-11D3-BF4B-00C04F79EFBC}") = "SettingConstraints", "ProgrammersGuide\WorkingWithTasks\HandlingTaskConstraints\SettingConstraints\CSharp\SettingConstraints.csproj", "{6B9D1A7E-E980-400E-ACA5-52ABBF3E9E86}"
EndProject
Project("{FAE04EC0-301F-11D3-BF4B-00C04F79EFBC}") = "GettingConstraints", "ProgrammersGuide\WorkingWithTasks\HandlingTaskConstraints\GettingConstraints\CSharp\GettingConstraints.csproj", "{4DADDCBD-22D1-4D4A-8FD5-4C42E86714AD}"
EndProject
Global
	GlobalSection(SolutionConfigurationPlatforms) = preSolution
		Debug|Any CPU = Debug|Any CPU
		Release|Any CPU = Release|Any CPU
	EndGlobalSection
	GlobalSection(ProjectConfigurationPlatforms) = postSolution
		{0DD9E251-2571-4EF5-8471-0918E6074279}.Debug|Any CPU.ActiveCfg = Debug|Any CPU
		{0DD9E251-2571-4EF5-8471-0918E6074279}.Debug|Any CPU.Build.0 = Debug|Any CPU
		{0DD9E251-2571-4EF5-8471-0918E6074279}.Release|Any CPU.ActiveCfg = Release|Any CPU
		{B9F35AEE-9298-4844-8FD7-AF3D60852D77}.Debug|Any CPU.ActiveCfg = Debug|Any CPU
		{B9F35AEE-9298-4844-8FD7-AF3D60852D77}.Debug|Any CPU.Build.0 = Debug|Any CPU
		{B9F35AEE-9298-4844-8FD7-AF3D60852D77}.Release|Any CPU.ActiveCfg = Release|Any CPU
		{452D4ED4-F7AB-44F9-A287-25408DBB23DF}.Debug|Any CPU.ActiveCfg = Debug|Any CPU
		{452D4ED4-F7AB-44F9-A287-25408DBB23DF}.Debug|Any CPU.Build.0 = Debug|Any CPU
		{452D4ED4-F7AB-44F9-A287-25408DBB23DF}.Release|Any CPU.ActiveCfg = Release|Any CPU
		{8B3445EA-46FF-42B0-859C-2F6C09FFE139}.Debug|Any CPU.ActiveCfg = Debug|Any CPU
		{8B3445EA-46FF-42B0-859C-2F6C09FFE139}.Debug|Any CPU.Build.0 = Debug|Any CPU
		{8B3445EA-46FF-42B0-859C-2F6C09FFE139}.Release|Any CPU.ActiveCfg = Release|Any CPU
		{993B9A9B-3FC2-4443-BAED-5AC7793521C8}.Debug|Any CPU.ActiveCfg = Debug|Any CPU
		{993B9A9B-3FC2-4443-BAED-5AC7793521C8}.Debug|Any CPU.Build.0 = Debug|Any CPU
		{993B9A9B-3FC2-4443-BAED-5AC7793521C8}.Release|Any CPU.ActiveCfg = Release|Any CPU
		{003FAABF-448D-414D-97DC-5F6AF3E1A01B}.Debug|Any CPU.ActiveCfg = Debug|Any CPU
		{003FAABF-448D-414D-97DC-5F6AF3E1A01B}.Debug|Any CPU.Build.0 = Debug|Any CPU
		{003FAABF-448D-414D-97DC-5F6AF3E1A01B}.Release|Any CPU.ActiveCfg = Release|Any CPU
		{40C29FA4-5A9E-4228-9E6D-BD078B22B3F1}.Debug|Any CPU.ActiveCfg = Debug|Any CPU
		{40C29FA4-5A9E-4228-9E6D-BD078B22B3F1}.Debug|Any CPU.Build.0 = Debug|Any CPU
		{40C29FA4-5A9E-4228-9E6D-BD078B22B3F1}.Release|Any CPU.ActiveCfg = Release|Any CPU
		{B464FA2C-A108-4D76-B78E-F37B46B237D8}.Debug|Any CPU.ActiveCfg = Debug|Any CPU
		{B464FA2C-A108-4D76-B78E-F37B46B237D8}.Debug|Any CPU.Build.0 = Debug|Any CPU
		{B464FA2C-A108-4D76-B78E-F37B46B237D8}.Release|Any CPU.ActiveCfg = Release|Any CPU
		{D4CDA452-CD8F-4046-BF94-B5BF48A4156B}.Debug|Any CPU.ActiveCfg = Debug|Any CPU
		{D4CDA452-CD8F-4046-BF94-B5BF48A4156B}.Debug|Any CPU.Build.0 = Debug|Any CPU
		{D4CDA452-CD8F-4046-BF94-B5BF48A4156B}.Release|Any CPU.ActiveCfg = Release|Any CPU
		{9946EE96-62A5-4CCD-913D-38D54E2871A8}.Debug|Any CPU.ActiveCfg = Debug|Any CPU
		{9946EE96-62A5-4CCD-913D-38D54E2871A8}.Debug|Any CPU.Build.0 = Debug|Any CPU
		{9946EE96-62A5-4CCD-913D-38D54E2871A8}.Release|Any CPU.ActiveCfg = Release|Any CPU
		{4FDB8A5E-A42D-4909-98E0-1FC4A8CA12B5}.Debug|Any CPU.ActiveCfg = Debug|Any CPU
		{4FDB8A5E-A42D-4909-98E0-1FC4A8CA12B5}.Debug|Any CPU.Build.0 = Debug|Any CPU
		{4FDB8A5E-A42D-4909-98E0-1FC4A8CA12B5}.Release|Any CPU.ActiveCfg = Release|Any CPU
		{3DF47A63-F4B4-4D86-9B1C-D6D39E4F2DBF}.Debug|Any CPU.ActiveCfg = Debug|Any CPU
		{3DF47A63-F4B4-4D86-9B1C-D6D39E4F2DBF}.Debug|Any CPU.Build.0 = Debug|Any CPU
		{3DF47A63-F4B4-4D86-9B1C-D6D39E4F2DBF}.Release|Any CPU.ActiveCfg = Release|Any CPU
		{7AC545C8-0CAF-4007-BD40-77806B868B2E}.Debug|Any CPU.ActiveCfg = Debug|Any CPU
		{7AC545C8-0CAF-4007-BD40-77806B868B2E}.Debug|Any CPU.Build.0 = Debug|Any CPU
		{7AC545C8-0CAF-4007-BD40-77806B868B2E}.Release|Any CPU.ActiveCfg = Release|Any CPU
		{E657BBDE-B292-4ABD-9E7C-F9E0A5E15FAB}.Debug|Any CPU.ActiveCfg = Debug|Any CPU
		{E657BBDE-B292-4ABD-9E7C-F9E0A5E15FAB}.Debug|Any CPU.Build.0 = Debug|Any CPU
		{E657BBDE-B292-4ABD-9E7C-F9E0A5E15FAB}.Release|Any CPU.ActiveCfg = Release|Any CPU
		{B0ABAAF8-3D2A-4D97-99C1-69764DD83C79}.Debug|Any CPU.ActiveCfg = Debug|Any CPU
		{B0ABAAF8-3D2A-4D97-99C1-69764DD83C79}.Debug|Any CPU.Build.0 = Debug|Any CPU
		{B0ABAAF8-3D2A-4D97-99C1-69764DD83C79}.Release|Any CPU.ActiveCfg = Release|Any CPU
		{313BE7E6-E4A3-478F-A12B-85F7C9E64F78}.Debug|Any CPU.ActiveCfg = Debug|Any CPU
		{313BE7E6-E4A3-478F-A12B-85F7C9E64F78}.Debug|Any CPU.Build.0 = Debug|Any CPU
		{313BE7E6-E4A3-478F-A12B-85F7C9E64F78}.Release|Any CPU.ActiveCfg = Release|Any CPU
		{2A2D26CA-AF71-499D-8EA4-AB5C357320B4}.Debug|Any CPU.ActiveCfg = Debug|Any CPU
		{2A2D26CA-AF71-499D-8EA4-AB5C357320B4}.Debug|Any CPU.Build.0 = Debug|Any CPU
		{2A2D26CA-AF71-499D-8EA4-AB5C357320B4}.Release|Any CPU.ActiveCfg = Release|Any CPU
		{DD42C848-70D8-4408-B49A-E248866EB4B9}.Debug|Any CPU.ActiveCfg = Debug|Any CPU
		{DD42C848-70D8-4408-B49A-E248866EB4B9}.Debug|Any CPU.Build.0 = Debug|Any CPU
		{DD42C848-70D8-4408-B49A-E248866EB4B9}.Release|Any CPU.ActiveCfg = Release|Any CPU
		{4C51CCEF-D8AE-48ED-8BAC-501E1F64B089}.Debug|Any CPU.ActiveCfg = Debug|Any CPU
		{4C51CCEF-D8AE-48ED-8BAC-501E1F64B089}.Debug|Any CPU.Build.0 = Debug|Any CPU
		{4C51CCEF-D8AE-48ED-8BAC-501E1F64B089}.Release|Any CPU.ActiveCfg = Release|Any CPU
		{C6DA2044-5336-4040-899C-C203BA1AE31A}.Debug|Any CPU.ActiveCfg = Debug|Any CPU
		{C6DA2044-5336-4040-899C-C203BA1AE31A}.Debug|Any CPU.Build.0 = Debug|Any CPU
		{C6DA2044-5336-4040-899C-C203BA1AE31A}.Release|Any CPU.ActiveCfg = Release|Any CPU
		{E253443F-51D1-44F6-9D56-02BB9B59ADE5}.Debug|Any CPU.ActiveCfg = Debug|Any CPU
		{E253443F-51D1-44F6-9D56-02BB9B59ADE5}.Debug|Any CPU.Build.0 = Debug|Any CPU
		{E253443F-51D1-44F6-9D56-02BB9B59ADE5}.Release|Any CPU.ActiveCfg = Release|Any CPU
		{9DB5A0BC-2A15-47FC-B822-2C1BDED318ED}.Debug|Any CPU.ActiveCfg = Debug|Any CPU
		{9DB5A0BC-2A15-47FC-B822-2C1BDED318ED}.Debug|Any CPU.Build.0 = Debug|Any CPU
		{9DB5A0BC-2A15-47FC-B822-2C1BDED318ED}.Release|Any CPU.ActiveCfg = Release|Any CPU
		{004DE56D-E005-4013-8113-DF04D58EDBFB}.Debug|Any CPU.ActiveCfg = Debug|Any CPU
		{004DE56D-E005-4013-8113-DF04D58EDBFB}.Debug|Any CPU.Build.0 = Debug|Any CPU
		{004DE56D-E005-4013-8113-DF04D58EDBFB}.Release|Any CPU.ActiveCfg = Release|Any CPU
		{D70F5C2B-B057-4221-9673-0445FF7B39AE}.Debug|Any CPU.ActiveCfg = Debug|Any CPU
		{D70F5C2B-B057-4221-9673-0445FF7B39AE}.Debug|Any CPU.Build.0 = Debug|Any CPU
		{D70F5C2B-B057-4221-9673-0445FF7B39AE}.Release|Any CPU.ActiveCfg = Release|Any CPU
		{C9A69BA0-FE1E-4A4F-A5CB-3E54A587FED7}.Debug|Any CPU.ActiveCfg = Debug|Any CPU
		{C9A69BA0-FE1E-4A4F-A5CB-3E54A587FED7}.Debug|Any CPU.Build.0 = Debug|Any CPU
		{C9A69BA0-FE1E-4A4F-A5CB-3E54A587FED7}.Release|Any CPU.ActiveCfg = Release|Any CPU
		{A6D253BA-B80D-49A3-AD22-A4FD0527A8EA}.Debug|Any CPU.ActiveCfg = Debug|Any CPU
		{A6D253BA-B80D-49A3-AD22-A4FD0527A8EA}.Debug|Any CPU.Build.0 = Debug|Any CPU
		{A6D253BA-B80D-49A3-AD22-A4FD0527A8EA}.Release|Any CPU.ActiveCfg = Release|Any CPU
		{3A70AB1A-0064-4C30-BD39-EFBBE5A676A1}.Debug|Any CPU.ActiveCfg = Debug|Any CPU
		{3A70AB1A-0064-4C30-BD39-EFBBE5A676A1}.Debug|Any CPU.Build.0 = Debug|Any CPU
		{3A70AB1A-0064-4C30-BD39-EFBBE5A676A1}.Release|Any CPU.ActiveCfg = Release|Any CPU
		{6B9D1A7E-E980-400E-ACA5-52ABBF3E9E86}.Debug|Any CPU.ActiveCfg = Debug|Any CPU
		{6B9D1A7E-E980-400E-ACA5-52ABBF3E9E86}.Debug|Any CPU.Build.0 = Debug|Any CPU
		{6B9D1A7E-E980-400E-ACA5-52ABBF3E9E86}.Release|Any CPU.ActiveCfg = Release|Any CPU
		{4DADDCBD-22D1-4D4A-8FD5-4C42E86714AD}.Debug|Any CPU.ActiveCfg = Debug|Any CPU
		{4DADDCBD-22D1-4D4A-8FD5-4C42E86714AD}.Debug|Any CPU.Build.0 = Debug|Any CPU
		{4DADDCBD-22D1-4D4A-8FD5-4C42E86714AD}.Release|Any CPU.ActiveCfg = Release|Any CPU
	EndGlobalSection
	GlobalSection(SolutionProperties) = preSolution
		HideSolutionNode = FALSE
	EndGlobalSection
	GlobalSection(NestedProjects) = preSolution
		{D28AB132-8430-48CE-BFA0-F1D1553CF067} = {43C85F10-E68B-4718-9F8B-1C72C601906D}
		{0DD9E251-2571-4EF5-8471-0918E6074279} = {D28AB132-8430-48CE-BFA0-F1D1553CF067}
		{B9F35AEE-9298-4844-8FD7-AF3D60852D77} = {D28AB132-8430-48CE-BFA0-F1D1553CF067}
		{452D4ED4-F7AB-44F9-A287-25408DBB23DF} = {D28AB132-8430-48CE-BFA0-F1D1553CF067}
		{8B3445EA-46FF-42B0-859C-2F6C09FFE139} = {D28AB132-8430-48CE-BFA0-F1D1553CF067}
		{993B9A9B-3FC2-4443-BAED-5AC7793521C8} = {D28AB132-8430-48CE-BFA0-F1D1553CF067}
		{003FAABF-448D-414D-97DC-5F6AF3E1A01B} = {D28AB132-8430-48CE-BFA0-F1D1553CF067}
		{40C29FA4-5A9E-4228-9E6D-BD078B22B3F1} = {D28AB132-8430-48CE-BFA0-F1D1553CF067}
		{B464FA2C-A108-4D76-B78E-F37B46B237D8} = {D28AB132-8430-48CE-BFA0-F1D1553CF067}
		{D4CDA452-CD8F-4046-BF94-B5BF48A4156B} = {D28AB132-8430-48CE-BFA0-F1D1553CF067}
		{9946EE96-62A5-4CCD-913D-38D54E2871A8} = {D28AB132-8430-48CE-BFA0-F1D1553CF067}
		{4FDB8A5E-A42D-4909-98E0-1FC4A8CA12B5} = {D28AB132-8430-48CE-BFA0-F1D1553CF067}
		{3DF47A63-F4B4-4D86-9B1C-D6D39E4F2DBF} = {D28AB132-8430-48CE-BFA0-F1D1553CF067}
		{7AC545C8-0CAF-4007-BD40-77806B868B2E} = {D28AB132-8430-48CE-BFA0-F1D1553CF067}
		{E657BBDE-B292-4ABD-9E7C-F9E0A5E15FAB} = {D28AB132-8430-48CE-BFA0-F1D1553CF067}
		{B0ABAAF8-3D2A-4D97-99C1-69764DD83C79} = {D28AB132-8430-48CE-BFA0-F1D1553CF067}
		{313BE7E6-E4A3-478F-A12B-85F7C9E64F78} = {D28AB132-8430-48CE-BFA0-F1D1553CF067}
		{2A2D26CA-AF71-499D-8EA4-AB5C357320B4} = {D28AB132-8430-48CE-BFA0-F1D1553CF067}
		{DD42C848-70D8-4408-B49A-E248866EB4B9} = {D28AB132-8430-48CE-BFA0-F1D1553CF067}
		{EA48BCFE-D82E-4ABF-ABD7-753A38BC3091} = {D28AB132-8430-48CE-BFA0-F1D1553CF067}
		{4C51CCEF-D8AE-48ED-8BAC-501E1F64B089} = {EA48BCFE-D82E-4ABF-ABD7-753A38BC3091}
		{C6DA2044-5336-4040-899C-C203BA1AE31A} = {EA48BCFE-D82E-4ABF-ABD7-753A38BC3091}
		{66245B4B-F49D-44B1-B628-0609B22A17C3} = {43C85F10-E68B-4718-9F8B-1C72C601906D}
		{E253443F-51D1-44F6-9D56-02BB9B59ADE5} = {66245B4B-F49D-44B1-B628-0609B22A17C3}
		{9DB5A0BC-2A15-47FC-B822-2C1BDED318ED} = {66245B4B-F49D-44B1-B628-0609B22A17C3}
		{004DE56D-E005-4013-8113-DF04D58EDBFB} = {66245B4B-F49D-44B1-B628-0609B22A17C3}
		{3526873F-AD47-4344-BAC2-A434C74817A9} = {66245B4B-F49D-44B1-B628-0609B22A17C3}
		{D70F5C2B-B057-4221-9673-0445FF7B39AE} = {3526873F-AD47-4344-BAC2-A434C74817A9}
		{C9A69BA0-FE1E-4A4F-A5CB-3E54A587FED7} = {3526873F-AD47-4344-BAC2-A434C74817A9}
		{AA068BAA-36C8-4B77-95C4-0DA0374904A7} = {66245B4B-F49D-44B1-B628-0609B22A17C3}
		{A6D253BA-B80D-49A3-AD22-A4FD0527A8EA} = {AA068BAA-36C8-4B77-95C4-0DA0374904A7}
		{3A70AB1A-0064-4C30-BD39-EFBBE5A676A1} = {AA068BAA-36C8-4B77-95C4-0DA0374904A7}
		{33062EAF-111F-40AE-9063-15D7CAA108FE} = {66245B4B-F49D-44B1-B628-0609B22A17C3}
		{6B9D1A7E-E980-400E-ACA5-52ABBF3E9E86} = {33062EAF-111F-40AE-9063-15D7CAA108FE}
		{4DADDCBD-22D1-4D4A-8FD5-4C42E86714AD} = {33062EAF-111F-40AE-9063-15D7CAA108FE}
	EndGlobalSection
EndGlobal
