
Microsoft Visual Studio Solution File, Format Version 10.00
# Visual Studio 2008
Project("{F184B08F-C81C-45F6-A57F-5ABD9991F28F}") = "FindTaskByName-2008", "FindTaskByName\FindTaskByName-2008.vbproj", "{5D8BAA09-14E0-431F-B97F-3E9C06404DD0}"
EndProject
Global
	GlobalSection(SolutionConfigurationPlatforms) = preSolution
		Debug|Any CPU = Debug|Any CPU
		Release|Any CPU = Release|Any CPU
	EndGlobalSection
	GlobalSection(ProjectConfigurationPlatforms) = postSolution
		{5D8BAA09-14E0-431F-B97F-3E9C06404DD0}.Debug|Any CPU.ActiveCfg = Debug|Any CPU
		{5D8BAA09-14E0-431F-B97F-3E9C06404DD0}.Debug|Any CPU.Build.0 = Debug|Any CPU
		{5D8BAA09-14E0-431F-B97F-3E9C06404DD0}.Release|Any CPU.ActiveCfg = Release|Any CPU
		{5D8BAA09-14E0-431F-B97F-3E9C06404DD0}.Release|Any CPU.Build.0 = Release|Any CPU
	EndGlobalSection
	GlobalSection(SolutionProperties) = preSolution
		HideSolutionNode = FALSE
	EndGlobalSection
EndGlobal
