
Microsoft Visual Studio Solution File, Format Version 12.00
# Visual Studio 2013
VisualStudioVersion = 12.0.21005.1
MinimumVisualStudioVersion = 10.0.40219.1
Project("{FAE04EC0-301F-11D3-BF4B-00C04F79EFBC}") = "VSTO Projects", "VSTO Projects\VSTO Projects.csproj", "{01E468A8-1B60-4B2A-B4D2-54C320AFE772}"
EndProject
Project("{FAE04EC0-301F-11D3-BF4B-00C04F79EFBC}") = "Aspose.Tasks", "Aspose.Tasks\Aspose.Tasks.csproj", "{68B6CA81-5EE6-45BC-801B-063B56793B3C}"
EndProject
Global
	GlobalSection(SolutionConfigurationPlatforms) = preSolution
		Debug|Any CPU = Debug|Any CPU
		Release|Any CPU = Release|Any CPU
	EndGlobalSection
	GlobalSection(ProjectConfigurationPlatforms) = postSolution
		{01E468A8-1B60-4B2A-B4D2-54C320AFE772}.Debug|Any CPU.ActiveCfg = Debug|Any CPU
		{01E468A8-1B60-4B2A-B4D2-54C320AFE772}.Debug|Any CPU.Build.0 = Debug|Any CPU
		{01E468A8-1B60-4B2A-B4D2-54C320AFE772}.Release|Any CPU.ActiveCfg = Release|Any CPU
		{01E468A8-1B60-4B2A-B4D2-54C320AFE772}.Release|Any CPU.Build.0 = Release|Any CPU
		{68B6CA81-5EE6-45BC-801B-063B56793B3C}.Debug|Any CPU.ActiveCfg = Debug|Any CPU
		{68B6CA81-5EE6-45BC-801B-063B56793B3C}.Debug|Any CPU.Build.0 = Debug|Any CPU
		{68B6CA81-5EE6-45BC-801B-063B56793B3C}.Release|Any CPU.ActiveCfg = Release|Any CPU
		{68B6CA81-5EE6-45BC-801B-063B56793B3C}.Release|Any CPU.Build.0 = Release|Any CPU
	EndGlobalSection
	GlobalSection(SolutionProperties) = preSolution
		HideSolutionNode = FALSE
	EndGlobalSection
EndGlobal
