Microsoft Visual Studio Solution File, Format Version 10.00
# Visual Studio 2008
Project("{FAE04EC0-301F-11D3-BF4B-00C04F79EFBC}") = "ExtendedAttributes", "ExtendedAttributes.csproj", "{761AC694-36F3-40ED-AB27-7E7BCBC3D271}"
EndProject
Global
	GlobalSection(SolutionConfigurationPlatforms) = preSolution
		Debug|Any CPU = Debug|Any CPU
		Release|Any CPU = Release|Any CPU
	EndGlobalSection
	GlobalSection(ProjectConfigurationPlatforms) = postSolution
		{761AC694-36F3-40ED-AB27-7E7BCBC3D271}.Debug|Any CPU.ActiveCfg = Debug|Any CPU
		{761AC694-36F3-40ED-AB27-7E7BCBC3D271}.Debug|Any CPU.Build.0 = Debug|Any CPU
		{761AC694-36F3-40ED-AB27-7E7BCBC3D271}.Release|Any CPU.ActiveCfg = Release|Any CPU
	EndGlobalSection
	GlobalSection(SolutionProperties) = preSolution
		HideSolutionNode = FALSE
	EndGlobalSection
EndGlobal
