
Microsoft Visual Studio Solution File, Format Version 11.00
# Visual Studio 2010
Project("{F184B08F-C81C-45F6-A57F-5ABD9991F28F}") = "RenderingProject-2010", "RenderingProject\RenderingProject-2010.vbproj", "{794013FC-AD83-4674-A925-A89FEDE63E03}"
EndProject
Global
	GlobalSection(SolutionConfigurationPlatforms) = preSolution
		Debug|Any CPU = Debug|Any CPU
		Release|Any CPU = Release|Any CPU
	EndGlobalSection
	GlobalSection(ProjectConfigurationPlatforms) = postSolution
		{794013FC-AD83-4674-A925-A89FEDE63E03}.Debug|Any CPU.ActiveCfg = Debug|Any CPU
		{794013FC-AD83-4674-A925-A89FEDE63E03}.Debug|Any CPU.Build.0 = Debug|Any CPU
		{794013FC-AD83-4674-A925-A89FEDE63E03}.Release|Any CPU.ActiveCfg = Release|Any CPU
		{794013FC-AD83-4674-A925-A89FEDE63E03}.Release|Any CPU.Build.0 = Release|Any CPU
	EndGlobalSection
	GlobalSection(SolutionProperties) = preSolution
		HideSolutionNode = FALSE
	EndGlobalSection
EndGlobal
