Microsoft Visual Studio Solution File, Format Version 9.00
# Visual Studio 2005
Project("{2150E333-8FDC-42A3-9474-1A3956D46DE8}") = "ProgrammersGuide", "ProgrammersGuide", "{43C85F10-E68B-4718-9F8B-1C72C601906D}"
EndProject
Project("{2150E333-8FDC-42A3-9474-1A3956D46DE8}") = "WorkingWithProjects", "WorkingWithProjects", "{D28AB132-8430-48CE-BFA0-F1D1553CF067}"
EndProject
Project("{FAE04EC0-301F-11D3-BF4B-00C04F79EFBC}") = "CreatingEmptyProjectFile", "ProgrammersGuide\WorkingWithProjects\CreatingEmptyProjectFile\CSharp\CreatingEmptyProjectFile.csproj", "{0DD9E251-2571-4EF5-8471-0918E6074279}"
EndProject
Project("{FAE04EC0-301F-11D3-BF4B-00C04F79EFBC}") = "SettingAttributesForNewTasks", "ProgrammersGuide\WorkingWithProjects\SettingAttributesForNewTasks\CSharp\SettingAttributesForNewTasks.csproj", "{B9F35AEE-9298-4844-8FD7-AF3D60852D77}"
EndProject
Project("{FAE04EC0-301F-11D3-BF4B-00C04F79EFBC}") = "AddRemoveTasks", "ProgrammersGuide\WorkingWithProjects\AddRemoveTasks\CSharp\AddRemoveTasks.csproj", "{452D4ED4-F7AB-44F9-A287-25408DBB23DF}"
EndProject
Project("{FAE04EC0-301F-11D3-BF4B-00C04F79EFBC}") = "DeterminingProjectVersion", "ProgrammersGuide\WorkingWithProjects\DeterminingProjectVersion\CSharp\DeterminingProjectVersion.csproj", "{8B3445EA-46FF-42B0-859C-2F6C09FFE139}"
EndProject
Project("{FAE04EC0-301F-11D3-BF4B-00C04F79EFBC}") = "GeneralProjectProperties", "ProgrammersGuide\WorkingWithProjects\GeneralProjectProperties\CSharp\GeneralProjectProperties.csproj", "{993B9A9B-3FC2-4443-BAED-5AC7793521C8}"
EndProject
Project("{FAE04EC0-301F-11D3-BF4B-00C04F79EFBC}") = "DefaultProjectProperties", "ProgrammersGuide\WorkingWithProjects\DefaultProjectProperties\CSharp\DefaultProjectProperties.csproj", "{003FAABF-448D-414D-97DC-5F6AF3E1A01B}"
EndProject
Project("{FAE04EC0-301F-11D3-BF4B-00C04F79EFBC}") = "WriteMPPProjectSummary", "ProgrammersGuide\WorkingWithProjects\WriteMPPProjectSummary\CSharp\WriteMPPProjectSummary.csproj", "{40C29FA4-5A9E-4228-9E6D-BD078B22B3F1}"
EndProject
Project("{FAE04EC0-301F-11D3-BF4B-00C04F79EFBC}") = "FiscalYearProperties", "ProgrammersGuide\WorkingWithProjects\FiscalYearProperties\CSharp\FiscalYearProperties.csproj", "{B464FA2C-A108-4D76-B78E-F37B46B237D8}"
EndProject
Project("{FAE04EC0-301F-11D3-BF4B-00C04F79EFBC}") = "WeekdayProperties", "ProgrammersGuide\WorkingWithProjects\WeekdayProperties\CSharp\WeekdayProperties.csproj", "{D4CDA452-CD8F-4046-BF94-B5BF48A4156B}"
EndProject
Project("{FAE04EC0-301F-11D3-BF4B-00C04F79EFBC}") = "ReadingProjectFiles", "ProgrammersGuide\WorkingWithProjects\ReadingProjectFiles\CSharp\ReadingProjectFiles.csproj", "{9946EE96-62A5-4CCD-913D-38D54E2871A8}"
EndProject
Project("{FAE04EC0-301F-11D3-BF4B-00C04F79EFBC}") = "RetrievingCalendarInformation", "ProgrammersGuide\WorkingWithProjects\RetrievingCalendarInformation\CSharp\RetrievingCalendarInformation.csproj", "{4FDB8A5E-A42D-4909-98E0-1FC4A8CA12B5}"
EndProject
Project("{FAE04EC0-301F-11D3-BF4B-00C04F79EFBC}") = "RetrievingTaskInformation", "ProgrammersGuide\WorkingWithProjects\RetrievingTaskInformation\CSharp\RetrievingTaskInformation.csproj", "{3DF47A63-F4B4-4D86-9B1C-D6D39E4F2DBF}"
EndProject
Project("{FAE04EC0-301F-11D3-BF4B-00C04F79EFBC}") = "WritingTasksToProject", "ProgrammersGuide\WorkingWithProjects\WritingTasksToProject\CSharp\WritingTasksToProject.csproj", "{7AC545C8-0CAF-4007-BD40-77806B868B2E}"
EndProject
Project("{FAE04EC0-301F-11D3-BF4B-00C04F79EFBC}") = "RetrievingTaskLinks", "ProgrammersGuide\WorkingWithProjects\RetrievingTaskLinks\CSharp\RetrievingTaskLinks.csproj", "{E657BBDE-B292-4ABD-9E7C-F9E0A5E15FAB}"
EndProject
Project("{FAE04EC0-301F-11D3-BF4B-00C04F79EFBC}") = "AddingAndRemovingTaskLinks", "ProgrammersGuide\WorkingWithProjects\AddingAndRemovingTaskLinks\CSharp\AddingAndRemovingTaskLinks.csproj", "{B0ABAAF8-3D2A-4D97-99C1-69764DD83C79}"
EndProject
Project("{FAE04EC0-301F-11D3-BF4B-00C04F79EFBC}") = "DefiningRootTask", "ProgrammersGuide\WorkingWithProjects\DefiningRootTask\CSharp\DefiningRootTask.csproj", "{313BE7E6-E4A3-478F-A12B-85F7C9E64F78}"
EndProject
Project("{FAE04EC0-301F-11D3-BF4B-00C04F79EFBC}") = "AddingAndRemovingResources", "ProgrammersGuide\WorkingWithProjects\AddingAndRemovingResources\CSharp\AddingAndRemovingResources.csproj", "{2A2D26CA-AF71-499D-8EA4-AB5C357320B4}"
EndProject
Project("{FAE04EC0-301F-11D3-BF4B-00C04F79EFBC}") = "WritingResourcesToProject", "ProgrammersGuide\WorkingWithProjects\WritingResourcesToProject\CSharp\WritingResourcesToProject.csproj", "{DD42C848-70D8-4408-B49A-E248866EB4B9}"
EndProject
Project("{2150E333-8FDC-42A3-9474-1A3956D46DE8}") = "CurrencyProperties", "CurrencyProperties", "{EA48BCFE-D82E-4ABF-ABD7-753A38BC3091}"
EndProject
Project("{FAE04EC0-301F-11D3-BF4B-00C04F79EFBC}") = "ReadingCurrencyProperties", "ProgrammersGuide\WorkingWithProjects\CurrencyProperties\ReadingCurrencyProperties\CSharp\ReadingCurrencyProperties.csproj", "{4C51CCEF-D8AE-48ED-8BAC-501E1F64B089}"
EndProject
Project("{FAE04EC0-301F-11D3-BF4B-00C04F79EFBC}") = "SetCurrencyProperties", "ProgrammersGuide\WorkingWithProjects\CurrencyProperties\SetCurrencyProperties\CSharp\SetCurrencyProperties.csproj", "{C6DA2044-5336-4040-899C-C203BA1AE31A}"
EndProject
Project("{2150E333-8FDC-42A3-9474-1A3956D46DE8}") = "WorkingWithTasks", "WorkingWithTasks", "{66245B4B-F49D-44B1-B628-0609B22A17C3}"
EndProject
Project("{FAE04EC0-301F-11D3-BF4B-00C04F79EFBC}") = "CreatingTasks", "ProgrammersGuide\WorkingWithTasks\CreatingTasks\CSharp\CreatingTasks.csproj", "{E253443F-51D1-44F6-9D56-02BB9B59ADE5}"
EndProject
Project("{FAE04EC0-301F-11D3-BF4B-00C04F79EFBC}") = "AddingNewTask", "ProgrammersGuide\WorkingWithTasks\AddingNewTask\CSharp\AddingNewTask.csproj", "{9DB5A0BC-2A15-47FC-B822-2C1BDED318ED}"
EndProject
Project("{FAE04EC0-301F-11D3-BF4B-00C04F79EFBC}") = "ManagingDurations", "ProgrammersGuide\WorkingWithTasks\ManagingDurations\CSharp\ManagingDurations.csproj", "{004DE56D-E005-4013-8113-DF04D58EDBFB}"
EndProject
Project("{FAE04EC0-301F-11D3-BF4B-00C04F79EFBC}") = "ActualProperties", "ProgrammersGuide\WorkingWithTasks\ActualProperties\CSharp\ActualProperties.csproj", "{376DAC8A-AA6D-4517-9F10-D6D281EBEDBB}"
EndProject
Project("{2150E333-8FDC-42A3-9474-1A3956D46DE8}") = "ReadingAndWritingGeneralProperties", "ReadingAndWritingGeneralProperties", "{3526873F-AD47-4344-BAC2-A434C74817A9}"
EndProject
Project("{FAE04EC0-301F-11D3-BF4B-00C04F79EFBC}") = "SettingGeneralProperties", "ProgrammersGuide\WorkingWithTasks\ReadingAndWritingGeneralProperties\SettingGeneralProperties\CSharp\SettingGeneralProperties.csproj", "{D70F5C2B-B057-4221-9673-0445FF7B39AE}"
EndProject
Project("{FAE04EC0-301F-11D3-BF4B-00C04F79EFBC}") = "GettingGeneralProperties", "ProgrammersGuide\WorkingWithTasks\ReadingAndWritingGeneralProperties\GettingGeneralProperties\CSharp\GettingGeneralProperties.csproj", "{C9A69BA0-FE1E-4A4F-A5CB-3E54A587FED7}"
EndProject
Project("{2150E333-8FDC-42A3-9474-1A3956D46DE8}") = "TasksAndCalendars", "TasksAndCalendars", "{AA068BAA-36C8-4B77-95C4-0DA0374904A7}"
EndProject
Project("{FAE04EC0-301F-11D3-BF4B-00C04F79EFBC}") = "SettingTaskCalendar", "ProgrammersGuide\WorkingWithTasks\TasksAndCalendars\SettingTaskCalendar\CSharp\SettingTaskCalendar.csproj", "{A6D253BA-B80D-49A3-AD22-A4FD0527A8EA}"
EndProject
Project("{FAE04EC0-301F-11D3-BF4B-00C04F79EFBC}") = "GettingTaskCalendar", "ProgrammersGuide\WorkingWithTasks\TasksAndCalendars\GettingTaskCalendar\CSharp\GettingTaskCalendar.csproj", "{3A70AB1A-0064-4C30-BD39-EFBBE5A676A1}"
EndProject
Project("{2150E333-8FDC-42A3-9474-1A3956D46DE8}") = "HandlingTaskConstraints", "HandlingTaskConstraints", "{33062EAF-111F-40AE-9063-15D7CAA108FE}"
EndProject
Project("{FAE04EC0-301F-11D3-BF4B-00C04F79EFBC}") = "SettingConstraints", "ProgrammersGuide\WorkingWithTasks\HandlingTaskConstraints\SettingConstraints\CSharp\SettingConstraints.csproj", "{6B9D1A7E-E980-400E-ACA5-52ABBF3E9E86}"
EndProject
Project("{FAE04EC0-301F-11D3-BF4B-00C04F79EFBC}") = "GettingConstraints", "ProgrammersGuide\WorkingWithTasks\HandlingTaskConstraints\GettingConstraints\CSharp\GettingConstraints.csproj", "{4DADDCBD-22D1-4D4A-8FD5-4C42E86714AD}"
EndProject
Project("{2150E333-8FDC-42A3-9474-1A3956D46DE8}") = "WorkingWithCalendars", "WorkingWithCalendars", "{8ACCDF45-9AD9-48A8-8D65-03A83D54EA41}"
EndProject
Project("{FAE04EC0-301F-11D3-BF4B-00C04F79EFBC}") = "CreatingACalendar", "ProgrammersGuide\WorkingWithCalendars\CreatingACalendar\CSharp\CreatingACalendar.csproj", "{2975FB9C-8475-426B-8172-19BF7C8FD5D5}"
EndProject
Project("{FAE04EC0-301F-11D3-BF4B-00C04F79EFBC}") = "MakingAStandardCalendar", "ProgrammersGuide\WorkingWithCalendars\MakingAStandardCalendar\CSharp\MakingAStandardCalendar.csproj", "{BD5736A2-6EB6-4E4C-B4CB-EB5604979280}"
EndProject
Project("{FAE04EC0-301F-11D3-BF4B-00C04F79EFBC}") = "DefiningWeekdays", "ProgrammersGuide\WorkingWithCalendars\DefiningWeekdays\CSharp\DefiningWeekdays.csproj", "{58414E94-597B-495F-B390-ADE54A6A62E7}"
EndProject
Project("{FAE04EC0-301F-11D3-BF4B-00C04F79EFBC}") = "GettingWorkingHours", "ProgrammersGuide\WorkingWithCalendars\GettingWorkingHours\CSharp\GettingWorkingHours.csproj", "{A54D0702-EAB5-4656-8563-097C2E04117B}"
EndProject
Project("{2150E333-8FDC-42A3-9474-1A3956D46DE8}") = "WorkingWithTaskLinks", "WorkingWithTaskLinks", "{BEABE8C9-0D44-4592-BD94-E1D93C44857B}"
EndProject
Project("{FAE04EC0-301F-11D3-BF4B-00C04F79EFBC}") = "CreatingATaskLink", "ProgrammersGuide\WorkingWithTaskLinks\CreatingATaskLink\CSharp\CreatingATaskLink.csproj", "{E7350097-BA82-4376-88E9-C588436A9FBF}"
EndProject
Project("{FAE04EC0-301F-11D3-BF4B-00C04F79EFBC}") = "DefiningLinkType", "ProgrammersGuide\WorkingWithTaskLinks\DefiningLinkType\CSharp\DefiningLinkType.csproj", "{ADFEA23D-DAE3-4AA0-8547-8DDE2908AE1A}"
EndProject
Project("{FAE04EC0-301F-11D3-BF4B-00C04F79EFBC}") = "PredecessorSuccessorTasks", "ProgrammersGuide\WorkingWithTaskLinks\PredecessorSuccessorTasks\CSharp\PredecessorSuccessorTasks.csproj", "{A19DFE16-2606-4116-92B9-2D9EABC15FE3}"
EndProject
Project("{FAE04EC0-301F-11D3-BF4B-00C04F79EFBC}") = "CrossProjectPredecessors", "ProgrammersGuide\WorkingWithTaskLinks\CrossProjectPredecessors\CSharp\CrossProjectPredecessors.csproj", "{781A830F-AB38-4397-AB85-5F54EFDB61D9}"
EndProject
Project("{FAE04EC0-301F-11D3-BF4B-00C04F79EFBC}") = "IdentifyCrossProjectTasks", "ProgrammersGuide\WorkingWithTaskLinks\IdentifyCrossProjectTasks\CSharp\IdentifyCrossProjectTasks.csproj", "{E2A2241B-6289-40B6-955B-04EF63076F4C}"
EndProject
Project("{2150E333-8FDC-42A3-9474-1A3956D46DE8}") = "WorkingWithTaskBaselines", "WorkingWithTaskBaselines", "{D9829BF9-983E-4E0F-91E9-1F5F317D0D14}"
EndProject
Project("{FAE04EC0-301F-11D3-BF4B-00C04F79EFBC}") = "CreatingATaskBaseline", "ProgrammersGuide\WorkingWithTaskBaselines\CreatingATaskBaseline\CSharp\CreatingATaskBaseline.csproj", "{F8FE0B8C-A368-400A-A7C3-1ED642F57930}"
EndProject
Project("{FAE04EC0-301F-11D3-BF4B-00C04F79EFBC}") = "TaskBaselineDuration", "ProgrammersGuide\WorkingWithTaskBaselines\TaskBaselineDuration\CSharp\TaskBaselineDuration.csproj", "{66782885-0E82-4953-B671-AF384843BE70}"
EndProject
Project("{FAE04EC0-301F-11D3-BF4B-00C04F79EFBC}") = "BaselineTaskScheduling", "ProgrammersGuide\WorkingWithTaskBaselines\BaselineTaskScheduling\CSharp\BaselineTaskScheduling.csproj", "{C2DFCD96-A724-40E2-A5C9-49105F5D316F}"
EndProject
Project("{2150E333-8FDC-42A3-9474-1A3956D46DE8}") = "WorkingWithResources", "WorkingWithResources", "{7BBCF481-F0F6-4D39-84D6-A04FB76C5A54}"
EndProject
Project("{FAE04EC0-301F-11D3-BF4B-00C04F79EFBC}") = "OvertimesResource", "ProgrammersGuide\WorkingWithResources\OvertimesResource\CSharp\OvertimesResources.csproj", "{DF13C15C-8B2B-4C17-B920-9399C80C5666}"
EndProject
Project("{FAE04EC0-301F-11D3-BF4B-00C04F79EFBC}") = "ResourceCost", "ProgrammersGuide\WorkingWithResources\ResourceCost\CSharp\ResourceCost.csproj", "{28D6FEA3-B8D2-4F1B-B4D9-390E5E5086C8}"
EndProject
Project("{FAE04EC0-301F-11D3-BF4B-00C04F79EFBC}") = "PercentageCalculations", "ProgrammersGuide\WorkingWithResources\PercentageCalculations\CSharp\PercentageCalculations.csproj", "{E0084591-3258-48A1-8194-206D0CB57244}"
EndProject
Project("{FAE04EC0-301F-11D3-BF4B-00C04F79EFBC}") = "WritingUpdatedResourceData", "ProgrammersGuide\WorkingWithResources\WritingUpdatedResourceData\CSharp\WritingUpdatedResourceData.csproj", "{D858732D-EE08-4D86-BDC2-C4FB3378490D}"
EndProject
Project("{FAE04EC0-301F-11D3-BF4B-00C04F79EFBC}") = "ReadTimephasedData", "ProgrammersGuide\WorkingWithResources\ReadTimephasedData\CSharp\ReadTimephasedData.csproj", "{3680078A-A7A7-4872-99FA-65D595050C2C}"
EndProject
Project("{FAE04EC0-301F-11D3-BF4B-00C04F79EFBC}") = "ResourceUsageView", "ProgrammersGuide\WorkingWithResources\ResourceUsageView\CSharp\ResourceUsageView.csproj", "{81BC62FB-1DD9-4FEF-87BD-24687B5D98D3}"
EndProject
Project("{FAE04EC0-301F-11D3-BF4B-00C04F79EFBC}") = "ResourceSheetView", "ProgrammersGuide\WorkingWithResources\ResourceSheetView\CSharp\ResourceSheetView.csproj", "{4223AA44-F109-406D-85C9-1E8E30BC434A}"
EndProject
Project("{2150E333-8FDC-42A3-9474-1A3956D46DE8}") = "CreatingResources", "CreatingResources", "{36A29C30-A62F-48C1-950B-22DFDA667C8D}"
EndProject
Project("{FAE04EC0-301F-11D3-BF4B-00C04F79EFBC}") = "DefaultConstructor", "ProgrammersGuide\WorkingWithResources\CreatingResources\DefaultConstructor\CSharp\DefaultConstructor.csproj", "{4A41966A-26C1-4F65-B9C2-472960291184}"
EndProject
Project("{FAE04EC0-301F-11D3-BF4B-00C04F79EFBC}") = "CreateANamedResource", "ProgrammersGuide\WorkingWithResources\CreatingResources\CreateANamedResource\CSharp\CreateANamedResource.csproj", "{3092A48A-AB78-48EA-81AC-42FC23BF3837}"
EndProject
Project("{2150E333-8FDC-42A3-9474-1A3956D46DE8}") = "ReadingAndWritingGeneralResourceProperties", "ReadingAndWritingGeneralResourceProperties", "{815AAE1B-98CD-42C3-A293-EB234112301E}"
EndProject
Project("{FAE04EC0-301F-11D3-BF4B-00C04F79EFBC}") = "SettingGeneralResourceProperties", "ProgrammersGuide\WorkingWithResources\ReadingAndWritingGeneralResourceProperties\SettingGeneralResourceProperties\CSharp\SettingGeneralResourceProperties.csproj", "{55F50B23-088A-4C52-8AE9-DD695A9976F0}"
EndProject
Project("{FAE04EC0-301F-11D3-BF4B-00C04F79EFBC}") = "AccessingGeneralResourceProperties", "ProgrammersGuide\WorkingWithResources\ReadingAndWritingGeneralResourceProperties\AccessingGeneralResourceProperties\CSharp\AccessingGeneralResourceProperties.csproj", "{3583B2E5-80A7-45DE-9A3B-5C9C10770D43}"
EndProject
Project("{2150E333-8FDC-42A3-9474-1A3956D46DE8}") = "ResourceAndCalendars", "ResourceAndCalendars", "{EAD33861-7DA3-4030-A740-73B981E35A6E}"
EndProject
Project("{FAE04EC0-301F-11D3-BF4B-00C04F79EFBC}") = "SettingResourceCalendar", "ProgrammersGuide\WorkingWithResources\ResourceAndCalendars\SettingResourceCalendar\CSharp\SettingResourceCalendar.csproj", "{EE82A2BB-357E-4737-9D10-FE41CB169847}"
EndProject
Project("{FAE04EC0-301F-11D3-BF4B-00C04F79EFBC}") = "GettingResourceCalendar", "ProgrammersGuide\WorkingWithResources\ResourceAndCalendars\GettingResourceCalendar\CSharp\GettingResourceCalendar.csproj", "{963F91F0-9DCF-45D7-887E-2E69CC8104AB}"
EndProject
Project("{2150E333-8FDC-42A3-9474-1A3956D46DE8}") = "ResourceAssignments", "ResourceAssignments", "{29A7E47B-9A19-44A0-BEC5-6DDB09DB97A7}"
EndProject
Project("{FAE04EC0-301F-11D3-BF4B-00C04F79EFBC}") = "ResourceAssignments", "ProgrammersGuide\ResourceAssignments\ResourceAssignments\CSharp\ResourceAssignments.csproj", "{FEAE1108-3B0A-4BD2-BC27-580A5A6E260E}"
EndProject
Project("{FAE04EC0-301F-11D3-BF4B-00C04F79EFBC}") = "AssignmentCost", "ProgrammersGuide\ResourceAssignments\AssignmentCost\CSharp\AssignmentCost.csproj", "{C25F67E1-0636-43B5-997D-237E853DFD22}"
EndProject
Project("{FAE04EC0-301F-11D3-BF4B-00C04F79EFBC}") = "AssignmentBudget", "ProgrammersGuide\ResourceAssignments\AssignmentBudget\CSharp\AssignmentBudget.csproj", "{3C19B892-60A4-419C-8098-D80117A51C10}"
EndProject
Project("{FAE04EC0-301F-11D3-BF4B-00C04F79EFBC}") = "OvertimeRemainingCostsWork", "ProgrammersGuide\ResourceAssignments\OvertimeRemainingCostsWork\CSharp\OvertimeRemainingCostsWork.csproj", "{003775A5-9A68-42F0-BC53-79B6867688E5}"
EndProject
Project("{FAE04EC0-301F-11D3-BF4B-00C04F79EFBC}") = "CalculatingPercentages", "ProgrammersGuide\ResourceAssignments\CalculatingPercentages\CSharp\CalculatingPercentages.csproj", "{94722920-32E9-48DB-9806-3FA625D83474}"
EndProject
Project("{FAE04EC0-301F-11D3-BF4B-00C04F79EFBC}") = "DealingVariances", "ProgrammersGuide\ResourceAssignments\DealingVariances\CSharp\DealingVariances.csproj", "{EAA5432D-B5A6-4188-93FE-E81D4D2D2FC2}"
EndProject
Project("{FAE04EC0-301F-11D3-BF4B-00C04F79EFBC}") = "StopResumeAssignment", "ProgrammersGuide\ResourceAssignments\StopResumeAssignment\CSharp\StopResumeAssignment.csproj", "{805E9F72-37C7-4B29-9CE2-7ACD2E93A1D5}"
EndProject
Project("{FAE04EC0-301F-11D3-BF4B-00C04F79EFBC}") = "TimephasedDataGeneration", "ProgrammersGuide\ResourceAssignments\TimephasedDataGeneration\CSharp\TimephasedDataGeneration.csproj", "{80BCE4EA-5D40-4872-ACD1-E15C1D8CB6A9}"
EndProject
Project("{FAE04EC0-301F-11D3-BF4B-00C04F79EFBC}") = "SavingUpdatedResource", "ProgrammersGuide\ResourceAssignments\SavingUpdatedResource\CSharp\SavingUpdatedResource.csproj", "{7D728E14-E9E9-4015-97BD-A3C1A86C873C}"
EndProject
Project("{2150E333-8FDC-42A3-9474-1A3956D46DE8}") = "ResourceAssignmentProperties", "ResourceAssignmentProperties", "{48A59BC6-59F7-41C8-8D97-8EC69C47AB80}"
EndProject
Project("{FAE04EC0-301F-11D3-BF4B-00C04F79EFBC}") = "SettingProperties", "ProgrammersGuide\ResourceAssignments\ResourceAssignmentProperties\SettingProperties\CSharp\SettingProperties.csproj", "{B8B36A61-B1BF-4CC3-8D37-B60226A0455F}"
EndProject
Project("{FAE04EC0-301F-11D3-BF4B-00C04F79EFBC}") = "GettingProperties", "ProgrammersGuide\ResourceAssignments\ResourceAssignmentProperties\GettingProperties\CSharp\GettingProperties.csproj", "{EA0FDCB0-8112-4A8F-B1CE-8AC68951AEC7}"
EndProject
Project("{2150E333-8FDC-42A3-9474-1A3956D46DE8}") = "WorkingWithCurrencies", "WorkingWithCurrencies", "{6CF2816A-9CCD-4643-8AA8-70DD58AA4FA5}"
EndProject
Project("{2150E333-8FDC-42A3-9474-1A3956D46DE8}") = "CurrencyCodes", "CurrencyCodes", "{1EE91A63-540D-4984-861F-37FA01F25F9A}"
EndProject
Project("{FAE04EC0-301F-11D3-BF4B-00C04F79EFBC}") = "SettingCurrency", "ProgrammersGuide\WorkingWithCurrencies\CurrencyCodes\SettingCurrency\CSharp\SettingCurrency.csproj", "{4B681F2A-0041-4F7F-8294-5797EC63DEF1}"
EndProject
Project("{FAE04EC0-301F-11D3-BF4B-00C04F79EFBC}") = "GettingCurrency", "ProgrammersGuide\WorkingWithCurrencies\CurrencyCodes\GettingCurrency\CSharp\GettingCurrency.csproj", "{C180B46A-4BC3-48C0-8A57-355D666A0C65}"
EndProject
Project("{2150E333-8FDC-42A3-9474-1A3956D46DE8}") = "CurrencyDigits", "CurrencyDigits", "{E53F494A-295E-451A-A60A-E5DC74DA7D4C}"
EndProject
Project("{FAE04EC0-301F-11D3-BF4B-00C04F79EFBC}") = "SettingDigits", "ProgrammersGuide\WorkingWithCurrencies\CurrencyDigits\SettingDigits\CSharp\SettingDigits.csproj", "{0662C233-139E-40FE-84B3-21C7A9BE64A0}"
EndProject
Project("{FAE04EC0-301F-11D3-BF4B-00C04F79EFBC}") = "GettingDigits", "ProgrammersGuide\WorkingWithCurrencies\CurrencyDigits\GettingDigits\CSharp\GettingDigits.csproj", "{FF8D7F5C-EFC5-4A2B-B763-E12A3914C371}"
EndProject
Project("{2150E333-8FDC-42A3-9474-1A3956D46DE8}") = "ManagingCurrencySymbols", "ManagingCurrencySymbols", "{031C6933-AF2C-4B11-9F7C-7408E3E3CBBB}"
EndProject
Project("{FAE04EC0-301F-11D3-BF4B-00C04F79EFBC}") = "SettingSymbol", "ProgrammersGuide\WorkingWithCurrencies\ManagingCurrencySymbols\SettingSymbol\CSharp\SettingSymbol.csproj", "{95751236-B326-4C49-9FD9-2E9D153C90F7}"
EndProject
Project("{FAE04EC0-301F-11D3-BF4B-00C04F79EFBC}") = "GettingSymbol", "ProgrammersGuide\WorkingWithCurrencies\ManagingCurrencySymbols\GettingSymbol\CSharp\GettingSymbol.csproj", "{1899583B-ABCD-449A-81A1-A93464EA22D8}"
EndProject
Project("{2150E333-8FDC-42A3-9474-1A3956D46DE8}") = "Miscellaneous", "Miscellaneous", "{F9DEF546-9F69-4348-AB35-C3D5D0B71432}"
EndProject
Project("{FAE04EC0-301F-11D3-BF4B-00C04F79EFBC}") = "SortingResources", "ProgrammersGuide\Miscellaneous\SortingResources\CSharp\SortingResources.csproj", "{9E3AB3C5-C593-4400-BC92-BE556BC2C78D}"
EndProject
Project("{FAE04EC0-301F-11D3-BF4B-00C04F79EFBC}") = "HandlingExceptions", "ProgrammersGuide\Miscellaneous\HandlingExceptions\CSharp\HandlingExceptions.csproj", "{F63E9CE8-F9C8-4BF0-907B-46F270898D72}"
EndProject
Project("{FAE04EC0-301F-11D3-BF4B-00C04F79EFBC}") = "SortingTasks", "ProgrammersGuide\Miscellaneous\SortingTasks\CSharp\SortingTasks.csproj", "{500D6363-C885-4BD6-AF88-64257F8F4A24}"
EndProject
Project("{FAE04EC0-301F-11D3-BF4B-00C04F79EFBC}") = "WritingUpdatedOutlineCode", "ProgrammersGuide\Miscellaneous\WritingUpdatedOutlineCode\CSharp\WritingUpdatedOutlineCode.csproj", "{DB305035-145B-46B3-831F-1B0866954498}"
EndProject
Project("{FAE04EC0-301F-11D3-BF4B-00C04F79EFBC}") = "WritingMetadata", "ProgrammersGuide\Miscellaneous\WritingMetadata\CSharp\WritingMetadata.csproj", "{113F11C2-3459-44E9-AB64-6DC8A13D78E0}"
EndProject
Global
	GlobalSection(SolutionConfigurationPlatforms) = preSolution
		Debug|Any CPU = Debug|Any CPU
		Release|Any CPU = Release|Any CPU
	EndGlobalSection
	GlobalSection(ProjectConfigurationPlatforms) = postSolution
		{0DD9E251-2571-4EF5-8471-0918E6074279}.Debug|Any CPU.ActiveCfg = Debug|Any CPU
		{0DD9E251-2571-4EF5-8471-0918E6074279}.Debug|Any CPU.Build.0 = Debug|Any CPU
		{0DD9E251-2571-4EF5-8471-0918E6074279}.Release|Any CPU.ActiveCfg = Release|Any CPU
		{B9F35AEE-9298-4844-8FD7-AF3D60852D77}.Debug|Any CPU.ActiveCfg = Debug|Any CPU
		{B9F35AEE-9298-4844-8FD7-AF3D60852D77}.Debug|Any CPU.Build.0 = Debug|Any CPU
		{B9F35AEE-9298-4844-8FD7-AF3D60852D77}.Release|Any CPU.ActiveCfg = Release|Any CPU
		{452D4ED4-F7AB-44F9-A287-25408DBB23DF}.Debug|Any CPU.ActiveCfg = Debug|Any CPU
		{452D4ED4-F7AB-44F9-A287-25408DBB23DF}.Debug|Any CPU.Build.0 = Debug|Any CPU
		{452D4ED4-F7AB-44F9-A287-25408DBB23DF}.Release|Any CPU.ActiveCfg = Release|Any CPU
		{8B3445EA-46FF-42B0-859C-2F6C09FFE139}.Debug|Any CPU.ActiveCfg = Debug|Any CPU
		{8B3445EA-46FF-42B0-859C-2F6C09FFE139}.Debug|Any CPU.Build.0 = Debug|Any CPU
		{8B3445EA-46FF-42B0-859C-2F6C09FFE139}.Release|Any CPU.ActiveCfg = Release|Any CPU
		{993B9A9B-3FC2-4443-BAED-5AC7793521C8}.Debug|Any CPU.ActiveCfg = Debug|Any CPU
		{993B9A9B-3FC2-4443-BAED-5AC7793521C8}.Debug|Any CPU.Build.0 = Debug|Any CPU
		{993B9A9B-3FC2-4443-BAED-5AC7793521C8}.Release|Any CPU.ActiveCfg = Release|Any CPU
		{003FAABF-448D-414D-97DC-5F6AF3E1A01B}.Debug|Any CPU.ActiveCfg = Debug|Any CPU
		{003FAABF-448D-414D-97DC-5F6AF3E1A01B}.Debug|Any CPU.Build.0 = Debug|Any CPU
		{003FAABF-448D-414D-97DC-5F6AF3E1A01B}.Release|Any CPU.ActiveCfg = Release|Any CPU
		{40C29FA4-5A9E-4228-9E6D-BD078B22B3F1}.Debug|Any CPU.ActiveCfg = Debug|Any CPU
		{40C29FA4-5A9E-4228-9E6D-BD078B22B3F1}.Debug|Any CPU.Build.0 = Debug|Any CPU
		{40C29FA4-5A9E-4228-9E6D-BD078B22B3F1}.Release|Any CPU.ActiveCfg = Release|Any CPU
		{B464FA2C-A108-4D76-B78E-F37B46B237D8}.Debug|Any CPU.ActiveCfg = Debug|Any CPU
		{B464FA2C-A108-4D76-B78E-F37B46B237D8}.Debug|Any CPU.Build.0 = Debug|Any CPU
		{B464FA2C-A108-4D76-B78E-F37B46B237D8}.Release|Any CPU.ActiveCfg = Release|Any CPU
		{D4CDA452-CD8F-4046-BF94-B5BF48A4156B}.Debug|Any CPU.ActiveCfg = Debug|Any CPU
		{D4CDA452-CD8F-4046-BF94-B5BF48A4156B}.Debug|Any CPU.Build.0 = Debug|Any CPU
		{D4CDA452-CD8F-4046-BF94-B5BF48A4156B}.Release|Any CPU.ActiveCfg = Release|Any CPU
		{9946EE96-62A5-4CCD-913D-38D54E2871A8}.Debug|Any CPU.ActiveCfg = Debug|Any CPU
		{9946EE96-62A5-4CCD-913D-38D54E2871A8}.Debug|Any CPU.Build.0 = Debug|Any CPU
		{9946EE96-62A5-4CCD-913D-38D54E2871A8}.Release|Any CPU.ActiveCfg = Release|Any CPU
		{4FDB8A5E-A42D-4909-98E0-1FC4A8CA12B5}.Debug|Any CPU.ActiveCfg = Debug|Any CPU
		{4FDB8A5E-A42D-4909-98E0-1FC4A8CA12B5}.Debug|Any CPU.Build.0 = Debug|Any CPU
		{4FDB8A5E-A42D-4909-98E0-1FC4A8CA12B5}.Release|Any CPU.ActiveCfg = Release|Any CPU
		{3DF47A63-F4B4-4D86-9B1C-D6D39E4F2DBF}.Debug|Any CPU.ActiveCfg = Debug|Any CPU
		{3DF47A63-F4B4-4D86-9B1C-D6D39E4F2DBF}.Debug|Any CPU.Build.0 = Debug|Any CPU
		{3DF47A63-F4B4-4D86-9B1C-D6D39E4F2DBF}.Release|Any CPU.ActiveCfg = Release|Any CPU
		{7AC545C8-0CAF-4007-BD40-77806B868B2E}.Debug|Any CPU.ActiveCfg = Debug|Any CPU
		{7AC545C8-0CAF-4007-BD40-77806B868B2E}.Debug|Any CPU.Build.0 = Debug|Any CPU
		{7AC545C8-0CAF-4007-BD40-77806B868B2E}.Release|Any CPU.ActiveCfg = Release|Any CPU
		{E657BBDE-B292-4ABD-9E7C-F9E0A5E15FAB}.Debug|Any CPU.ActiveCfg = Debug|Any CPU
		{E657BBDE-B292-4ABD-9E7C-F9E0A5E15FAB}.Debug|Any CPU.Build.0 = Debug|Any CPU
		{E657BBDE-B292-4ABD-9E7C-F9E0A5E15FAB}.Release|Any CPU.ActiveCfg = Release|Any CPU
		{B0ABAAF8-3D2A-4D97-99C1-69764DD83C79}.Debug|Any CPU.ActiveCfg = Debug|Any CPU
		{B0ABAAF8-3D2A-4D97-99C1-69764DD83C79}.Debug|Any CPU.Build.0 = Debug|Any CPU
		{B0ABAAF8-3D2A-4D97-99C1-69764DD83C79}.Release|Any CPU.ActiveCfg = Release|Any CPU
		{313BE7E6-E4A3-478F-A12B-85F7C9E64F78}.Debug|Any CPU.ActiveCfg = Debug|Any CPU
		{313BE7E6-E4A3-478F-A12B-85F7C9E64F78}.Debug|Any CPU.Build.0 = Debug|Any CPU
		{313BE7E6-E4A3-478F-A12B-85F7C9E64F78}.Release|Any CPU.ActiveCfg = Release|Any CPU
		{2A2D26CA-AF71-499D-8EA4-AB5C357320B4}.Debug|Any CPU.ActiveCfg = Debug|Any CPU
		{2A2D26CA-AF71-499D-8EA4-AB5C357320B4}.Debug|Any CPU.Build.0 = Debug|Any CPU
		{2A2D26CA-AF71-499D-8EA4-AB5C357320B4}.Release|Any CPU.ActiveCfg = Release|Any CPU
		{DD42C848-70D8-4408-B49A-E248866EB4B9}.Debug|Any CPU.ActiveCfg = Debug|Any CPU
		{DD42C848-70D8-4408-B49A-E248866EB4B9}.Debug|Any CPU.Build.0 = Debug|Any CPU
		{DD42C848-70D8-4408-B49A-E248866EB4B9}.Release|Any CPU.ActiveCfg = Release|Any CPU
		{4C51CCEF-D8AE-48ED-8BAC-501E1F64B089}.Debug|Any CPU.ActiveCfg = Debug|Any CPU
		{4C51CCEF-D8AE-48ED-8BAC-501E1F64B089}.Debug|Any CPU.Build.0 = Debug|Any CPU
		{4C51CCEF-D8AE-48ED-8BAC-501E1F64B089}.Release|Any CPU.ActiveCfg = Release|Any CPU
		{C6DA2044-5336-4040-899C-C203BA1AE31A}.Debug|Any CPU.ActiveCfg = Debug|Any CPU
		{C6DA2044-5336-4040-899C-C203BA1AE31A}.Debug|Any CPU.Build.0 = Debug|Any CPU
		{C6DA2044-5336-4040-899C-C203BA1AE31A}.Release|Any CPU.ActiveCfg = Release|Any CPU
		{E253443F-51D1-44F6-9D56-02BB9B59ADE5}.Debug|Any CPU.ActiveCfg = Debug|Any CPU
		{E253443F-51D1-44F6-9D56-02BB9B59ADE5}.Debug|Any CPU.Build.0 = Debug|Any CPU
		{E253443F-51D1-44F6-9D56-02BB9B59ADE5}.Release|Any CPU.ActiveCfg = Release|Any CPU
		{9DB5A0BC-2A15-47FC-B822-2C1BDED318ED}.Debug|Any CPU.ActiveCfg = Debug|Any CPU
		{9DB5A0BC-2A15-47FC-B822-2C1BDED318ED}.Debug|Any CPU.Build.0 = Debug|Any CPU
		{9DB5A0BC-2A15-47FC-B822-2C1BDED318ED}.Release|Any CPU.ActiveCfg = Release|Any CPU
		{004DE56D-E005-4013-8113-DF04D58EDBFB}.Debug|Any CPU.ActiveCfg = Debug|Any CPU
		{004DE56D-E005-4013-8113-DF04D58EDBFB}.Debug|Any CPU.Build.0 = Debug|Any CPU
		{004DE56D-E005-4013-8113-DF04D58EDBFB}.Release|Any CPU.ActiveCfg = Release|Any CPU
		{376DAC8A-AA6D-4517-9F10-D6D281EBEDBB}.Debug|Any CPU.ActiveCfg = Debug|Any CPU
		{376DAC8A-AA6D-4517-9F10-D6D281EBEDBB}.Debug|Any CPU.Build.0 = Debug|Any CPU
		{376DAC8A-AA6D-4517-9F10-D6D281EBEDBB}.Release|Any CPU.ActiveCfg = Release|Any CPU
		{D70F5C2B-B057-4221-9673-0445FF7B39AE}.Debug|Any CPU.ActiveCfg = Debug|Any CPU
		{D70F5C2B-B057-4221-9673-0445FF7B39AE}.Debug|Any CPU.Build.0 = Debug|Any CPU
		{D70F5C2B-B057-4221-9673-0445FF7B39AE}.Release|Any CPU.ActiveCfg = Release|Any CPU
		{C9A69BA0-FE1E-4A4F-A5CB-3E54A587FED7}.Debug|Any CPU.ActiveCfg = Debug|Any CPU
		{C9A69BA0-FE1E-4A4F-A5CB-3E54A587FED7}.Debug|Any CPU.Build.0 = Debug|Any CPU
		{C9A69BA0-FE1E-4A4F-A5CB-3E54A587FED7}.Release|Any CPU.ActiveCfg = Release|Any CPU
		{A6D253BA-B80D-49A3-AD22-A4FD0527A8EA}.Debug|Any CPU.ActiveCfg = Debug|Any CPU
		{A6D253BA-B80D-49A3-AD22-A4FD0527A8EA}.Debug|Any CPU.Build.0 = Debug|Any CPU
		{A6D253BA-B80D-49A3-AD22-A4FD0527A8EA}.Release|Any CPU.ActiveCfg = Release|Any CPU
		{3A70AB1A-0064-4C30-BD39-EFBBE5A676A1}.Debug|Any CPU.ActiveCfg = Debug|Any CPU
		{3A70AB1A-0064-4C30-BD39-EFBBE5A676A1}.Debug|Any CPU.Build.0 = Debug|Any CPU
		{3A70AB1A-0064-4C30-BD39-EFBBE5A676A1}.Release|Any CPU.ActiveCfg = Release|Any CPU
		{6B9D1A7E-E980-400E-ACA5-52ABBF3E9E86}.Debug|Any CPU.ActiveCfg = Debug|Any CPU
		{6B9D1A7E-E980-400E-ACA5-52ABBF3E9E86}.Debug|Any CPU.Build.0 = Debug|Any CPU
		{6B9D1A7E-E980-400E-ACA5-52ABBF3E9E86}.Release|Any CPU.ActiveCfg = Release|Any CPU
		{4DADDCBD-22D1-4D4A-8FD5-4C42E86714AD}.Debug|Any CPU.ActiveCfg = Debug|Any CPU
		{4DADDCBD-22D1-4D4A-8FD5-4C42E86714AD}.Debug|Any CPU.Build.0 = Debug|Any CPU
		{4DADDCBD-22D1-4D4A-8FD5-4C42E86714AD}.Release|Any CPU.ActiveCfg = Release|Any CPU
		{2975FB9C-8475-426B-8172-19BF7C8FD5D5}.Debug|Any CPU.ActiveCfg = Debug|Any CPU
		{2975FB9C-8475-426B-8172-19BF7C8FD5D5}.Debug|Any CPU.Build.0 = Debug|Any CPU
		{2975FB9C-8475-426B-8172-19BF7C8FD5D5}.Release|Any CPU.ActiveCfg = Release|Any CPU
		{BD5736A2-6EB6-4E4C-B4CB-EB5604979280}.Debug|Any CPU.ActiveCfg = Debug|Any CPU
		{BD5736A2-6EB6-4E4C-B4CB-EB5604979280}.Debug|Any CPU.Build.0 = Debug|Any CPU
		{BD5736A2-6EB6-4E4C-B4CB-EB5604979280}.Release|Any CPU.ActiveCfg = Release|Any CPU
		{58414E94-597B-495F-B390-ADE54A6A62E7}.Debug|Any CPU.ActiveCfg = Debug|Any CPU
		{58414E94-597B-495F-B390-ADE54A6A62E7}.Debug|Any CPU.Build.0 = Debug|Any CPU
		{58414E94-597B-495F-B390-ADE54A6A62E7}.Release|Any CPU.ActiveCfg = Release|Any CPU
		{A54D0702-EAB5-4656-8563-097C2E04117B}.Debug|Any CPU.ActiveCfg = Debug|Any CPU
		{A54D0702-EAB5-4656-8563-097C2E04117B}.Debug|Any CPU.Build.0 = Debug|Any CPU
		{A54D0702-EAB5-4656-8563-097C2E04117B}.Release|Any CPU.ActiveCfg = Release|Any CPU
		{E7350097-BA82-4376-88E9-C588436A9FBF}.Debug|Any CPU.ActiveCfg = Debug|Any CPU
		{E7350097-BA82-4376-88E9-C588436A9FBF}.Debug|Any CPU.Build.0 = Debug|Any CPU
		{E7350097-BA82-4376-88E9-C588436A9FBF}.Release|Any CPU.ActiveCfg = Release|Any CPU
		{ADFEA23D-DAE3-4AA0-8547-8DDE2908AE1A}.Debug|Any CPU.ActiveCfg = Debug|Any CPU
		{ADFEA23D-DAE3-4AA0-8547-8DDE2908AE1A}.Debug|Any CPU.Build.0 = Debug|Any CPU
		{ADFEA23D-DAE3-4AA0-8547-8DDE2908AE1A}.Release|Any CPU.ActiveCfg = Release|Any CPU
		{A19DFE16-2606-4116-92B9-2D9EABC15FE3}.Debug|Any CPU.ActiveCfg = Debug|Any CPU
		{A19DFE16-2606-4116-92B9-2D9EABC15FE3}.Debug|Any CPU.Build.0 = Debug|Any CPU
		{A19DFE16-2606-4116-92B9-2D9EABC15FE3}.Release|Any CPU.ActiveCfg = Release|Any CPU
		{781A830F-AB38-4397-AB85-5F54EFDB61D9}.Debug|Any CPU.ActiveCfg = Debug|Any CPU
		{781A830F-AB38-4397-AB85-5F54EFDB61D9}.Debug|Any CPU.Build.0 = Debug|Any CPU
		{781A830F-AB38-4397-AB85-5F54EFDB61D9}.Release|Any CPU.ActiveCfg = Release|Any CPU
		{E2A2241B-6289-40B6-955B-04EF63076F4C}.Debug|Any CPU.ActiveCfg = Debug|Any CPU
		{E2A2241B-6289-40B6-955B-04EF63076F4C}.Debug|Any CPU.Build.0 = Debug|Any CPU
		{E2A2241B-6289-40B6-955B-04EF63076F4C}.Release|Any CPU.ActiveCfg = Release|Any CPU
		{F8FE0B8C-A368-400A-A7C3-1ED642F57930}.Debug|Any CPU.ActiveCfg = Debug|Any CPU
		{F8FE0B8C-A368-400A-A7C3-1ED642F57930}.Debug|Any CPU.Build.0 = Debug|Any CPU
		{F8FE0B8C-A368-400A-A7C3-1ED642F57930}.Release|Any CPU.ActiveCfg = Release|Any CPU
		{66782885-0E82-4953-B671-AF384843BE70}.Debug|Any CPU.ActiveCfg = Debug|Any CPU
		{66782885-0E82-4953-B671-AF384843BE70}.Debug|Any CPU.Build.0 = Debug|Any CPU
		{66782885-0E82-4953-B671-AF384843BE70}.Release|Any CPU.ActiveCfg = Release|Any CPU
		{C2DFCD96-A724-40E2-A5C9-49105F5D316F}.Debug|Any CPU.ActiveCfg = Debug|Any CPU
		{C2DFCD96-A724-40E2-A5C9-49105F5D316F}.Debug|Any CPU.Build.0 = Debug|Any CPU
		{C2DFCD96-A724-40E2-A5C9-49105F5D316F}.Release|Any CPU.ActiveCfg = Release|Any CPU
		{DF13C15C-8B2B-4C17-B920-9399C80C5666}.Debug|Any CPU.ActiveCfg = Debug|Any CPU
		{DF13C15C-8B2B-4C17-B920-9399C80C5666}.Debug|Any CPU.Build.0 = Debug|Any CPU
		{DF13C15C-8B2B-4C17-B920-9399C80C5666}.Release|Any CPU.ActiveCfg = Release|Any CPU
		{28D6FEA3-B8D2-4F1B-B4D9-390E5E5086C8}.Debug|Any CPU.ActiveCfg = Debug|Any CPU
		{28D6FEA3-B8D2-4F1B-B4D9-390E5E5086C8}.Debug|Any CPU.Build.0 = Debug|Any CPU
		{28D6FEA3-B8D2-4F1B-B4D9-390E5E5086C8}.Release|Any CPU.ActiveCfg = Release|Any CPU
		{E0084591-3258-48A1-8194-206D0CB57244}.Debug|Any CPU.ActiveCfg = Debug|Any CPU
		{E0084591-3258-48A1-8194-206D0CB57244}.Debug|Any CPU.Build.0 = Debug|Any CPU
		{E0084591-3258-48A1-8194-206D0CB57244}.Release|Any CPU.ActiveCfg = Release|Any CPU
		{D858732D-EE08-4D86-BDC2-C4FB3378490D}.Debug|Any CPU.ActiveCfg = Debug|Any CPU
		{D858732D-EE08-4D86-BDC2-C4FB3378490D}.Debug|Any CPU.Build.0 = Debug|Any CPU
		{D858732D-EE08-4D86-BDC2-C4FB3378490D}.Release|Any CPU.ActiveCfg = Release|Any CPU
		{3680078A-A7A7-4872-99FA-65D595050C2C}.Debug|Any CPU.ActiveCfg = Debug|Any CPU
		{3680078A-A7A7-4872-99FA-65D595050C2C}.Debug|Any CPU.Build.0 = Debug|Any CPU
		{3680078A-A7A7-4872-99FA-65D595050C2C}.Release|Any CPU.ActiveCfg = Release|Any CPU
		{81BC62FB-1DD9-4FEF-87BD-24687B5D98D3}.Debug|Any CPU.ActiveCfg = Debug|Any CPU
		{81BC62FB-1DD9-4FEF-87BD-24687B5D98D3}.Debug|Any CPU.Build.0 = Debug|Any CPU
		{81BC62FB-1DD9-4FEF-87BD-24687B5D98D3}.Release|Any CPU.ActiveCfg = Release|Any CPU
		{4223AA44-F109-406D-85C9-1E8E30BC434A}.Debug|Any CPU.ActiveCfg = Debug|Any CPU
		{4223AA44-F109-406D-85C9-1E8E30BC434A}.Debug|Any CPU.Build.0 = Debug|Any CPU
		{4223AA44-F109-406D-85C9-1E8E30BC434A}.Release|Any CPU.ActiveCfg = Release|Any CPU
		{4A41966A-26C1-4F65-B9C2-472960291184}.Debug|Any CPU.ActiveCfg = Debug|Any CPU
		{4A41966A-26C1-4F65-B9C2-472960291184}.Debug|Any CPU.Build.0 = Debug|Any CPU
		{4A41966A-26C1-4F65-B9C2-472960291184}.Release|Any CPU.ActiveCfg = Release|Any CPU
		{3092A48A-AB78-48EA-81AC-42FC23BF3837}.Debug|Any CPU.ActiveCfg = Debug|Any CPU
		{3092A48A-AB78-48EA-81AC-42FC23BF3837}.Debug|Any CPU.Build.0 = Debug|Any CPU
		{3092A48A-AB78-48EA-81AC-42FC23BF3837}.Release|Any CPU.ActiveCfg = Release|Any CPU
		{55F50B23-088A-4C52-8AE9-DD695A9976F0}.Debug|Any CPU.ActiveCfg = Debug|Any CPU
		{55F50B23-088A-4C52-8AE9-DD695A9976F0}.Debug|Any CPU.Build.0 = Debug|Any CPU
		{55F50B23-088A-4C52-8AE9-DD695A9976F0}.Release|Any CPU.ActiveCfg = Release|Any CPU
		{3583B2E5-80A7-45DE-9A3B-5C9C10770D43}.Debug|Any CPU.ActiveCfg = Debug|Any CPU
		{3583B2E5-80A7-45DE-9A3B-5C9C10770D43}.Debug|Any CPU.Build.0 = Debug|Any CPU
		{3583B2E5-80A7-45DE-9A3B-5C9C10770D43}.Release|Any CPU.ActiveCfg = Release|Any CPU
		{EE82A2BB-357E-4737-9D10-FE41CB169847}.Debug|Any CPU.ActiveCfg = Debug|Any CPU
		{EE82A2BB-357E-4737-9D10-FE41CB169847}.Debug|Any CPU.Build.0 = Debug|Any CPU
		{EE82A2BB-357E-4737-9D10-FE41CB169847}.Release|Any CPU.ActiveCfg = Release|Any CPU
		{963F91F0-9DCF-45D7-887E-2E69CC8104AB}.Debug|Any CPU.ActiveCfg = Debug|Any CPU
		{963F91F0-9DCF-45D7-887E-2E69CC8104AB}.Debug|Any CPU.Build.0 = Debug|Any CPU
		{963F91F0-9DCF-45D7-887E-2E69CC8104AB}.Release|Any CPU.ActiveCfg = Release|Any CPU
		{FEAE1108-3B0A-4BD2-BC27-580A5A6E260E}.Debug|Any CPU.ActiveCfg = Debug|Any CPU
		{FEAE1108-3B0A-4BD2-BC27-580A5A6E260E}.Debug|Any CPU.Build.0 = Debug|Any CPU
		{FEAE1108-3B0A-4BD2-BC27-580A5A6E260E}.Release|Any CPU.ActiveCfg = Release|Any CPU
		{C25F67E1-0636-43B5-997D-237E853DFD22}.Debug|Any CPU.ActiveCfg = Debug|Any CPU
		{C25F67E1-0636-43B5-997D-237E853DFD22}.Debug|Any CPU.Build.0 = Debug|Any CPU
		{C25F67E1-0636-43B5-997D-237E853DFD22}.Release|Any CPU.ActiveCfg = Release|Any CPU
		{3C19B892-60A4-419C-8098-D80117A51C10}.Debug|Any CPU.ActiveCfg = Debug|Any CPU
		{3C19B892-60A4-419C-8098-D80117A51C10}.Debug|Any CPU.Build.0 = Debug|Any CPU
		{3C19B892-60A4-419C-8098-D80117A51C10}.Release|Any CPU.ActiveCfg = Release|Any CPU
		{003775A5-9A68-42F0-BC53-79B6867688E5}.Debug|Any CPU.ActiveCfg = Debug|Any CPU
		{003775A5-9A68-42F0-BC53-79B6867688E5}.Debug|Any CPU.Build.0 = Debug|Any CPU
		{003775A5-9A68-42F0-BC53-79B6867688E5}.Release|Any CPU.ActiveCfg = Release|Any CPU
		{94722920-32E9-48DB-9806-3FA625D83474}.Debug|Any CPU.ActiveCfg = Debug|Any CPU
		{94722920-32E9-48DB-9806-3FA625D83474}.Debug|Any CPU.Build.0 = Debug|Any CPU
		{94722920-32E9-48DB-9806-3FA625D83474}.Release|Any CPU.ActiveCfg = Release|Any CPU
		{EAA5432D-B5A6-4188-93FE-E81D4D2D2FC2}.Debug|Any CPU.ActiveCfg = Debug|Any CPU
		{EAA5432D-B5A6-4188-93FE-E81D4D2D2FC2}.Debug|Any CPU.Build.0 = Debug|Any CPU
		{EAA5432D-B5A6-4188-93FE-E81D4D2D2FC2}.Release|Any CPU.ActiveCfg = Release|Any CPU
		{805E9F72-37C7-4B29-9CE2-7ACD2E93A1D5}.Debug|Any CPU.ActiveCfg = Debug|Any CPU
		{805E9F72-37C7-4B29-9CE2-7ACD2E93A1D5}.Debug|Any CPU.Build.0 = Debug|Any CPU
		{805E9F72-37C7-4B29-9CE2-7ACD2E93A1D5}.Release|Any CPU.ActiveCfg = Release|Any CPU
		{80BCE4EA-5D40-4872-ACD1-E15C1D8CB6A9}.Debug|Any CPU.ActiveCfg = Debug|Any CPU
		{80BCE4EA-5D40-4872-ACD1-E15C1D8CB6A9}.Debug|Any CPU.Build.0 = Debug|Any CPU
		{80BCE4EA-5D40-4872-ACD1-E15C1D8CB6A9}.Release|Any CPU.ActiveCfg = Release|Any CPU
		{7D728E14-E9E9-4015-97BD-A3C1A86C873C}.Debug|Any CPU.ActiveCfg = Debug|Any CPU
		{7D728E14-E9E9-4015-97BD-A3C1A86C873C}.Debug|Any CPU.Build.0 = Debug|Any CPU
		{7D728E14-E9E9-4015-97BD-A3C1A86C873C}.Release|Any CPU.ActiveCfg = Release|Any CPU
		{B8B36A61-B1BF-4CC3-8D37-B60226A0455F}.Debug|Any CPU.ActiveCfg = Debug|Any CPU
		{B8B36A61-B1BF-4CC3-8D37-B60226A0455F}.Debug|Any CPU.Build.0 = Debug|Any CPU
		{B8B36A61-B1BF-4CC3-8D37-B60226A0455F}.Release|Any CPU.ActiveCfg = Release|Any CPU
		{EA0FDCB0-8112-4A8F-B1CE-8AC68951AEC7}.Debug|Any CPU.ActiveCfg = Debug|Any CPU
		{EA0FDCB0-8112-4A8F-B1CE-8AC68951AEC7}.Debug|Any CPU.Build.0 = Debug|Any CPU
		{EA0FDCB0-8112-4A8F-B1CE-8AC68951AEC7}.Release|Any CPU.ActiveCfg = Release|Any CPU
		{4B681F2A-0041-4F7F-8294-5797EC63DEF1}.Debug|Any CPU.ActiveCfg = Debug|Any CPU
		{4B681F2A-0041-4F7F-8294-5797EC63DEF1}.Debug|Any CPU.Build.0 = Debug|Any CPU
		{4B681F2A-0041-4F7F-8294-5797EC63DEF1}.Release|Any CPU.ActiveCfg = Release|Any CPU
		{C180B46A-4BC3-48C0-8A57-355D666A0C65}.Debug|Any CPU.ActiveCfg = Debug|Any CPU
		{C180B46A-4BC3-48C0-8A57-355D666A0C65}.Debug|Any CPU.Build.0 = Debug|Any CPU
		{C180B46A-4BC3-48C0-8A57-355D666A0C65}.Release|Any CPU.ActiveCfg = Release|Any CPU
		{0662C233-139E-40FE-84B3-21C7A9BE64A0}.Debug|Any CPU.ActiveCfg = Debug|Any CPU
		{0662C233-139E-40FE-84B3-21C7A9BE64A0}.Debug|Any CPU.Build.0 = Debug|Any CPU
		{0662C233-139E-40FE-84B3-21C7A9BE64A0}.Release|Any CPU.ActiveCfg = Release|Any CPU
		{FF8D7F5C-EFC5-4A2B-B763-E12A3914C371}.Debug|Any CPU.ActiveCfg = Debug|Any CPU
		{FF8D7F5C-EFC5-4A2B-B763-E12A3914C371}.Debug|Any CPU.Build.0 = Debug|Any CPU
		{FF8D7F5C-EFC5-4A2B-B763-E12A3914C371}.Release|Any CPU.ActiveCfg = Release|Any CPU
		{95751236-B326-4C49-9FD9-2E9D153C90F7}.Debug|Any CPU.ActiveCfg = Debug|Any CPU
		{95751236-B326-4C49-9FD9-2E9D153C90F7}.Debug|Any CPU.Build.0 = Debug|Any CPU
		{95751236-B326-4C49-9FD9-2E9D153C90F7}.Release|Any CPU.ActiveCfg = Release|Any CPU
		{1899583B-ABCD-449A-81A1-A93464EA22D8}.Debug|Any CPU.ActiveCfg = Debug|Any CPU
		{1899583B-ABCD-449A-81A1-A93464EA22D8}.Debug|Any CPU.Build.0 = Debug|Any CPU
		{1899583B-ABCD-449A-81A1-A93464EA22D8}.Release|Any CPU.ActiveCfg = Release|Any CPU
		{9E3AB3C5-C593-4400-BC92-BE556BC2C78D}.Debug|Any CPU.ActiveCfg = Debug|Any CPU
		{9E3AB3C5-C593-4400-BC92-BE556BC2C78D}.Debug|Any CPU.Build.0 = Debug|Any CPU
		{9E3AB3C5-C593-4400-BC92-BE556BC2C78D}.Release|Any CPU.ActiveCfg = Release|Any CPU
		{F63E9CE8-F9C8-4BF0-907B-46F270898D72}.Debug|Any CPU.ActiveCfg = Debug|Any CPU
		{F63E9CE8-F9C8-4BF0-907B-46F270898D72}.Debug|Any CPU.Build.0 = Debug|Any CPU
		{F63E9CE8-F9C8-4BF0-907B-46F270898D72}.Release|Any CPU.ActiveCfg = Release|Any CPU
		{500D6363-C885-4BD6-AF88-64257F8F4A24}.Debug|Any CPU.ActiveCfg = Debug|Any CPU
		{500D6363-C885-4BD6-AF88-64257F8F4A24}.Debug|Any CPU.Build.0 = Debug|Any CPU
		{500D6363-C885-4BD6-AF88-64257F8F4A24}.Release|Any CPU.ActiveCfg = Release|Any CPU
		{DB305035-145B-46B3-831F-1B0866954498}.Debug|Any CPU.ActiveCfg = Debug|Any CPU
		{DB305035-145B-46B3-831F-1B0866954498}.Debug|Any CPU.Build.0 = Debug|Any CPU
		{DB305035-145B-46B3-831F-1B0866954498}.Release|Any CPU.ActiveCfg = Release|Any CPU
		{113F11C2-3459-44E9-AB64-6DC8A13D78E0}.Debug|Any CPU.ActiveCfg = Debug|Any CPU
		{113F11C2-3459-44E9-AB64-6DC8A13D78E0}.Debug|Any CPU.Build.0 = Debug|Any CPU
		{113F11C2-3459-44E9-AB64-6DC8A13D78E0}.Release|Any CPU.ActiveCfg = Release|Any CPU
	EndGlobalSection
	GlobalSection(SolutionProperties) = preSolution
		HideSolutionNode = FALSE
	EndGlobalSection
	GlobalSection(NestedProjects) = preSolution
		{D28AB132-8430-48CE-BFA0-F1D1553CF067} = {43C85F10-E68B-4718-9F8B-1C72C601906D}
		{0DD9E251-2571-4EF5-8471-0918E6074279} = {D28AB132-8430-48CE-BFA0-F1D1553CF067}
		{B9F35AEE-9298-4844-8FD7-AF3D60852D77} = {D28AB132-8430-48CE-BFA0-F1D1553CF067}
		{452D4ED4-F7AB-44F9-A287-25408DBB23DF} = {D28AB132-8430-48CE-BFA0-F1D1553CF067}
		{8B3445EA-46FF-42B0-859C-2F6C09FFE139} = {D28AB132-8430-48CE-BFA0-F1D1553CF067}
		{993B9A9B-3FC2-4443-BAED-5AC7793521C8} = {D28AB132-8430-48CE-BFA0-F1D1553CF067}
		{003FAABF-448D-414D-97DC-5F6AF3E1A01B} = {D28AB132-8430-48CE-BFA0-F1D1553CF067}
		{40C29FA4-5A9E-4228-9E6D-BD078B22B3F1} = {D28AB132-8430-48CE-BFA0-F1D1553CF067}
		{B464FA2C-A108-4D76-B78E-F37B46B237D8} = {D28AB132-8430-48CE-BFA0-F1D1553CF067}
		{D4CDA452-CD8F-4046-BF94-B5BF48A4156B} = {D28AB132-8430-48CE-BFA0-F1D1553CF067}
		{9946EE96-62A5-4CCD-913D-38D54E2871A8} = {D28AB132-8430-48CE-BFA0-F1D1553CF067}
		{4FDB8A5E-A42D-4909-98E0-1FC4A8CA12B5} = {D28AB132-8430-48CE-BFA0-F1D1553CF067}
		{3DF47A63-F4B4-4D86-9B1C-D6D39E4F2DBF} = {D28AB132-8430-48CE-BFA0-F1D1553CF067}
		{7AC545C8-0CAF-4007-BD40-77806B868B2E} = {D28AB132-8430-48CE-BFA0-F1D1553CF067}
		{E657BBDE-B292-4ABD-9E7C-F9E0A5E15FAB} = {D28AB132-8430-48CE-BFA0-F1D1553CF067}
		{B0ABAAF8-3D2A-4D97-99C1-69764DD83C79} = {D28AB132-8430-48CE-BFA0-F1D1553CF067}
		{313BE7E6-E4A3-478F-A12B-85F7C9E64F78} = {D28AB132-8430-48CE-BFA0-F1D1553CF067}
		{2A2D26CA-AF71-499D-8EA4-AB5C357320B4} = {D28AB132-8430-48CE-BFA0-F1D1553CF067}
		{DD42C848-70D8-4408-B49A-E248866EB4B9} = {D28AB132-8430-48CE-BFA0-F1D1553CF067}
		{EA48BCFE-D82E-4ABF-ABD7-753A38BC3091} = {D28AB132-8430-48CE-BFA0-F1D1553CF067}
		{4C51CCEF-D8AE-48ED-8BAC-501E1F64B089} = {EA48BCFE-D82E-4ABF-ABD7-753A38BC3091}
		{C6DA2044-5336-4040-899C-C203BA1AE31A} = {EA48BCFE-D82E-4ABF-ABD7-753A38BC3091}
		{66245B4B-F49D-44B1-B628-0609B22A17C3} = {43C85F10-E68B-4718-9F8B-1C72C601906D}
		{E253443F-51D1-44F6-9D56-02BB9B59ADE5} = {66245B4B-F49D-44B1-B628-0609B22A17C3}
		{9DB5A0BC-2A15-47FC-B822-2C1BDED318ED} = {66245B4B-F49D-44B1-B628-0609B22A17C3}
		{004DE56D-E005-4013-8113-DF04D58EDBFB} = {66245B4B-F49D-44B1-B628-0609B22A17C3}
		{376DAC8A-AA6D-4517-9F10-D6D281EBEDBB} = {66245B4B-F49D-44B1-B628-0609B22A17C3}
		{3526873F-AD47-4344-BAC2-A434C74817A9} = {66245B4B-F49D-44B1-B628-0609B22A17C3}
		{D70F5C2B-B057-4221-9673-0445FF7B39AE} = {3526873F-AD47-4344-BAC2-A434C74817A9}
		{C9A69BA0-FE1E-4A4F-A5CB-3E54A587FED7} = {3526873F-AD47-4344-BAC2-A434C74817A9}
		{AA068BAA-36C8-4B77-95C4-0DA0374904A7} = {66245B4B-F49D-44B1-B628-0609B22A17C3}
		{A6D253BA-B80D-49A3-AD22-A4FD0527A8EA} = {AA068BAA-36C8-4B77-95C4-0DA0374904A7}
		{3A70AB1A-0064-4C30-BD39-EFBBE5A676A1} = {AA068BAA-36C8-4B77-95C4-0DA0374904A7}
		{33062EAF-111F-40AE-9063-15D7CAA108FE} = {66245B4B-F49D-44B1-B628-0609B22A17C3}
		{6B9D1A7E-E980-400E-ACA5-52ABBF3E9E86} = {33062EAF-111F-40AE-9063-15D7CAA108FE}
		{4DADDCBD-22D1-4D4A-8FD5-4C42E86714AD} = {33062EAF-111F-40AE-9063-15D7CAA108FE}
		{8ACCDF45-9AD9-48A8-8D65-03A83D54EA41} = {43C85F10-E68B-4718-9F8B-1C72C601906D}
		{2975FB9C-8475-426B-8172-19BF7C8FD5D5} = {8ACCDF45-9AD9-48A8-8D65-03A83D54EA41}
		{BD5736A2-6EB6-4E4C-B4CB-EB5604979280} = {8ACCDF45-9AD9-48A8-8D65-03A83D54EA41}
		{58414E94-597B-495F-B390-ADE54A6A62E7} = {8ACCDF45-9AD9-48A8-8D65-03A83D54EA41}
		{A54D0702-EAB5-4656-8563-097C2E04117B} = {8ACCDF45-9AD9-48A8-8D65-03A83D54EA41}
		{BEABE8C9-0D44-4592-BD94-E1D93C44857B} = {43C85F10-E68B-4718-9F8B-1C72C601906D}
		{E7350097-BA82-4376-88E9-C588436A9FBF} = {BEABE8C9-0D44-4592-BD94-E1D93C44857B}
		{ADFEA23D-DAE3-4AA0-8547-8DDE2908AE1A} = {BEABE8C9-0D44-4592-BD94-E1D93C44857B}
		{A19DFE16-2606-4116-92B9-2D9EABC15FE3} = {BEABE8C9-0D44-4592-BD94-E1D93C44857B}
		{781A830F-AB38-4397-AB85-5F54EFDB61D9} = {BEABE8C9-0D44-4592-BD94-E1D93C44857B}
		{E2A2241B-6289-40B6-955B-04EF63076F4C} = {BEABE8C9-0D44-4592-BD94-E1D93C44857B}
		{D9829BF9-983E-4E0F-91E9-1F5F317D0D14} = {43C85F10-E68B-4718-9F8B-1C72C601906D}
		{F8FE0B8C-A368-400A-A7C3-1ED642F57930} = {D9829BF9-983E-4E0F-91E9-1F5F317D0D14}
		{66782885-0E82-4953-B671-AF384843BE70} = {D9829BF9-983E-4E0F-91E9-1F5F317D0D14}
		{C2DFCD96-A724-40E2-A5C9-49105F5D316F} = {D9829BF9-983E-4E0F-91E9-1F5F317D0D14}
		{7BBCF481-F0F6-4D39-84D6-A04FB76C5A54} = {43C85F10-E68B-4718-9F8B-1C72C601906D}
		{DF13C15C-8B2B-4C17-B920-9399C80C5666} = {7BBCF481-F0F6-4D39-84D6-A04FB76C5A54}
		{28D6FEA3-B8D2-4F1B-B4D9-390E5E5086C8} = {7BBCF481-F0F6-4D39-84D6-A04FB76C5A54}
		{E0084591-3258-48A1-8194-206D0CB57244} = {7BBCF481-F0F6-4D39-84D6-A04FB76C5A54}
		{D858732D-EE08-4D86-BDC2-C4FB3378490D} = {7BBCF481-F0F6-4D39-84D6-A04FB76C5A54}
		{3680078A-A7A7-4872-99FA-65D595050C2C} = {7BBCF481-F0F6-4D39-84D6-A04FB76C5A54}
		{81BC62FB-1DD9-4FEF-87BD-24687B5D98D3} = {7BBCF481-F0F6-4D39-84D6-A04FB76C5A54}
		{4223AA44-F109-406D-85C9-1E8E30BC434A} = {7BBCF481-F0F6-4D39-84D6-A04FB76C5A54}
		{36A29C30-A62F-48C1-950B-22DFDA667C8D} = {7BBCF481-F0F6-4D39-84D6-A04FB76C5A54}
		{4A41966A-26C1-4F65-B9C2-472960291184} = {36A29C30-A62F-48C1-950B-22DFDA667C8D}
		{3092A48A-AB78-48EA-81AC-42FC23BF3837} = {36A29C30-A62F-48C1-950B-22DFDA667C8D}
		{815AAE1B-98CD-42C3-A293-EB234112301E} = {7BBCF481-F0F6-4D39-84D6-A04FB76C5A54}
		{55F50B23-088A-4C52-8AE9-DD695A9976F0} = {815AAE1B-98CD-42C3-A293-EB234112301E}
		{3583B2E5-80A7-45DE-9A3B-5C9C10770D43} = {815AAE1B-98CD-42C3-A293-EB234112301E}
		{EAD33861-7DA3-4030-A740-73B981E35A6E} = {7BBCF481-F0F6-4D39-84D6-A04FB76C5A54}
		{EE82A2BB-357E-4737-9D10-FE41CB169847} = {EAD33861-7DA3-4030-A740-73B981E35A6E}
		{963F91F0-9DCF-45D7-887E-2E69CC8104AB} = {EAD33861-7DA3-4030-A740-73B981E35A6E}
		{29A7E47B-9A19-44A0-BEC5-6DDB09DB97A7} = {43C85F10-E68B-4718-9F8B-1C72C601906D}
		{FEAE1108-3B0A-4BD2-BC27-580A5A6E260E} = {29A7E47B-9A19-44A0-BEC5-6DDB09DB97A7}
		{C25F67E1-0636-43B5-997D-237E853DFD22} = {29A7E47B-9A19-44A0-BEC5-6DDB09DB97A7}
		{3C19B892-60A4-419C-8098-D80117A51C10} = {29A7E47B-9A19-44A0-BEC5-6DDB09DB97A7}
		{003775A5-9A68-42F0-BC53-79B6867688E5} = {29A7E47B-9A19-44A0-BEC5-6DDB09DB97A7}
		{94722920-32E9-48DB-9806-3FA625D83474} = {29A7E47B-9A19-44A0-BEC5-6DDB09DB97A7}
		{EAA5432D-B5A6-4188-93FE-E81D4D2D2FC2} = {29A7E47B-9A19-44A0-BEC5-6DDB09DB97A7}
		{805E9F72-37C7-4B29-9CE2-7ACD2E93A1D5} = {29A7E47B-9A19-44A0-BEC5-6DDB09DB97A7}
		{80BCE4EA-5D40-4872-ACD1-E15C1D8CB6A9} = {29A7E47B-9A19-44A0-BEC5-6DDB09DB97A7}
		{7D728E14-E9E9-4015-97BD-A3C1A86C873C} = {29A7E47B-9A19-44A0-BEC5-6DDB09DB97A7}
		{48A59BC6-59F7-41C8-8D97-8EC69C47AB80} = {29A7E47B-9A19-44A0-BEC5-6DDB09DB97A7}
		{B8B36A61-B1BF-4CC3-8D37-B60226A0455F} = {48A59BC6-59F7-41C8-8D97-8EC69C47AB80}
		{EA0FDCB0-8112-4A8F-B1CE-8AC68951AEC7} = {48A59BC6-59F7-41C8-8D97-8EC69C47AB80}
		{6CF2816A-9CCD-4643-8AA8-70DD58AA4FA5} = {43C85F10-E68B-4718-9F8B-1C72C601906D}
		{1EE91A63-540D-4984-861F-37FA01F25F9A} = {6CF2816A-9CCD-4643-8AA8-70DD58AA4FA5}
		{4B681F2A-0041-4F7F-8294-5797EC63DEF1} = {1EE91A63-540D-4984-861F-37FA01F25F9A}
		{C180B46A-4BC3-48C0-8A57-355D666A0C65} = {1EE91A63-540D-4984-861F-37FA01F25F9A}
		{E53F494A-295E-451A-A60A-E5DC74DA7D4C} = {6CF2816A-9CCD-4643-8AA8-70DD58AA4FA5}
		{0662C233-139E-40FE-84B3-21C7A9BE64A0} = {E53F494A-295E-451A-A60A-E5DC74DA7D4C}
		{FF8D7F5C-EFC5-4A2B-B763-E12A3914C371} = {E53F494A-295E-451A-A60A-E5DC74DA7D4C}
		{031C6933-AF2C-4B11-9F7C-7408E3E3CBBB} = {6CF2816A-9CCD-4643-8AA8-70DD58AA4FA5}
		{95751236-B326-4C49-9FD9-2E9D153C90F7} = {031C6933-AF2C-4B11-9F7C-7408E3E3CBBB}
		{1899583B-ABCD-449A-81A1-A93464EA22D8} = {031C6933-AF2C-4B11-9F7C-7408E3E3CBBB}
		{F9DEF546-9F69-4348-AB35-C3D5D0B71432} = {43C85F10-E68B-4718-9F8B-1C72C601906D}
		{9E3AB3C5-C593-4400-BC92-BE556BC2C78D} = {F9DEF546-9F69-4348-AB35-C3D5D0B71432}
		{F63E9CE8-F9C8-4BF0-907B-46F270898D72} = {F9DEF546-9F69-4348-AB35-C3D5D0B71432}
		{500D6363-C885-4BD6-AF88-64257F8F4A24} = {F9DEF546-9F69-4348-AB35-C3D5D0B71432}
		{DB305035-145B-46B3-831F-1B0866954498} = {F9DEF546-9F69-4348-AB35-C3D5D0B71432}
		{113F11C2-3459-44E9-AB64-6DC8A13D78E0} = {F9DEF546-9F69-4348-AB35-C3D5D0B71432}
	EndGlobalSection
EndGlobal
