
Microsoft Visual Studio Solution File, Format Version 12.00
# Visual Studio 2012
Project("{FAE04EC0-301F-11D3-BF4B-00C04F79EFBC}") = "Aspose Tasks", "Aspose Tasks\Aspose Tasks.csproj", "{017EF5C5-7855-48AC-9274-9B431A271F65}"
EndProject
Project("{FAE04EC0-301F-11D3-BF4B-00C04F79EFBC}") = "VSTO Tasks", "VSTO Tasks\VSTO Tasks.csproj", "{5823E8D4-330D-4C4F-866B-0FFD5EC941FC}"
EndProject
Global
	GlobalSection(SolutionConfigurationPlatforms) = preSolution
		Debug|Any CPU = Debug|Any CPU
		Release|Any CPU = Release|Any CPU
	EndGlobalSection
	GlobalSection(ProjectConfigurationPlatforms) = postSolution
		{017EF5C5-7855-48AC-9274-9B431A271F65}.Debug|Any CPU.ActiveCfg = Debug|Any CPU
		{017EF5C5-7855-48AC-9274-9B431A271F65}.Debug|Any CPU.Build.0 = Debug|Any CPU
		{017EF5C5-7855-48AC-9274-9B431A271F65}.Release|Any CPU.ActiveCfg = Release|Any CPU
		{017EF5C5-7855-48AC-9274-9B431A271F65}.Release|Any CPU.Build.0 = Release|Any CPU
		{5823E8D4-330D-4C4F-866B-0FFD5EC941FC}.Debug|Any CPU.ActiveCfg = Debug|Any CPU
		{5823E8D4-330D-4C4F-866B-0FFD5EC941FC}.Debug|Any CPU.Build.0 = Debug|Any CPU
		{5823E8D4-330D-4C4F-866B-0FFD5EC941FC}.Release|Any CPU.ActiveCfg = Release|Any CPU
		{5823E8D4-330D-4C4F-866B-0FFD5EC941FC}.Release|Any CPU.Build.0 = Release|Any CPU
	EndGlobalSection
	GlobalSection(SolutionProperties) = preSolution
		HideSolutionNode = FALSE
	EndGlobalSection
EndGlobal
