
Microsoft Visual Studio Solution File, Format Version 12.00
# Visual Studio 2012
Project("{FAE04EC0-301F-11D3-BF4B-00C04F79EFBC}") = "Aspose Tasks", "Aspose Tasks\Aspose Tasks.csproj", "{02AD00A8-7EBA-4F5B-B395-9675813DC32E}"
EndProject
Project("{FAE04EC0-301F-11D3-BF4B-00C04F79EFBC}") = "VSTO Tasks", "VSTO Tasks\VSTO Tasks.csproj", "{8F8FCEEC-B997-4D7E-A8C9-959681960583}"
EndProject
Global
	GlobalSection(SolutionConfigurationPlatforms) = preSolution
		Debug|Any CPU = Debug|Any CPU
		Release|Any CPU = Release|Any CPU
	EndGlobalSection
	GlobalSection(ProjectConfigurationPlatforms) = postSolution
		{02AD00A8-7EBA-4F5B-B395-9675813DC32E}.Debug|Any CPU.ActiveCfg = Debug|Any CPU
		{02AD00A8-7EBA-4F5B-B395-9675813DC32E}.Debug|Any CPU.Build.0 = Debug|Any CPU
		{02AD00A8-7EBA-4F5B-B395-9675813DC32E}.Release|Any CPU.ActiveCfg = Release|Any CPU
		{02AD00A8-7EBA-4F5B-B395-9675813DC32E}.Release|Any CPU.Build.0 = Release|Any CPU
		{8F8FCEEC-B997-4D7E-A8C9-959681960583}.Debug|Any CPU.ActiveCfg = Debug|Any CPU
		{8F8FCEEC-B997-4D7E-A8C9-959681960583}.Debug|Any CPU.Build.0 = Debug|Any CPU
		{8F8FCEEC-B997-4D7E-A8C9-959681960583}.Release|Any CPU.ActiveCfg = Release|Any CPU
		{8F8FCEEC-B997-4D7E-A8C9-959681960583}.Release|Any CPU.Build.0 = Release|Any CPU
	EndGlobalSection
	GlobalSection(SolutionProperties) = preSolution
		HideSolutionNode = FALSE
	EndGlobalSection
EndGlobal
