
Microsoft Visual Studio Solution File, Format Version 12.00
# Visual Studio 2013
VisualStudioVersion = 12.0.21005.1
MinimumVisualStudioVersion = 10.0.40219.1
Project("{FAE04EC0-301F-11D3-BF4B-00C04F79EFBC}") = "VSTO Projects", "VSTO Projects\VSTO Projects.csproj", "{DFE5218E-D863-4B00-A4FD-7D1748B1CE93}"
EndProject
Project("{FAE04EC0-301F-11D3-BF4B-00C04F79EFBC}") = "Aspose.Tasks", "Aspose.Tasks\Aspose.Tasks.csproj", "{6D376884-FBDC-4335-BE21-D6A4A0FA212F}"
EndProject
Global
	GlobalSection(SolutionConfigurationPlatforms) = preSolution
		Debug|Any CPU = Debug|Any CPU
		Release|Any CPU = Release|Any CPU
	EndGlobalSection
	GlobalSection(ProjectConfigurationPlatforms) = postSolution
		{DFE5218E-D863-4B00-A4FD-7D1748B1CE93}.Debug|Any CPU.ActiveCfg = Debug|Any CPU
		{DFE5218E-D863-4B00-A4FD-7D1748B1CE93}.Debug|Any CPU.Build.0 = Debug|Any CPU
		{DFE5218E-D863-4B00-A4FD-7D1748B1CE93}.Release|Any CPU.ActiveCfg = Release|Any CPU
		{DFE5218E-D863-4B00-A4FD-7D1748B1CE93}.Release|Any CPU.Build.0 = Release|Any CPU
		{6D376884-FBDC-4335-BE21-D6A4A0FA212F}.Debug|Any CPU.ActiveCfg = Debug|Any CPU
		{6D376884-FBDC-4335-BE21-D6A4A0FA212F}.Debug|Any CPU.Build.0 = Debug|Any CPU
		{6D376884-FBDC-4335-BE21-D6A4A0FA212F}.Release|Any CPU.ActiveCfg = Release|Any CPU
		{6D376884-FBDC-4335-BE21-D6A4A0FA212F}.Release|Any CPU.Build.0 = Release|Any CPU
	EndGlobalSection
	GlobalSection(SolutionProperties) = preSolution
		HideSolutionNode = FALSE
	EndGlobalSection
EndGlobal
