Microsoft Visual Studio Solution File, Format Version 10.00
# Visual Studio 2008
Project("{FAE04EC0-301F-11D3-BF4B-00C04F79EFBC}") = "WritingUpdatedExtendedAttributeDefinitions", "WritingUpdatedExtendedAttributeDefinitions.csproj", "{56E90191-0E4A-4115-8CF0-06873D60433C}"
EndProject
Global
	GlobalSection(SolutionConfigurationPlatforms) = preSolution
		Debug|Any CPU = Debug|Any CPU
		Release|Any CPU = Release|Any CPU
	EndGlobalSection
	GlobalSection(ProjectConfigurationPlatforms) = postSolution
		{56E90191-0E4A-4115-8CF0-06873D60433C}.Debug|Any CPU.ActiveCfg = Debug|Any CPU
		{56E90191-0E4A-4115-8CF0-06873D60433C}.Debug|Any CPU.Build.0 = Debug|Any CPU
		{56E90191-0E4A-4115-8CF0-06873D60433C}.Release|Any CPU.ActiveCfg = Release|Any CPU
	EndGlobalSection
	GlobalSection(SolutionProperties) = preSolution
		HideSolutionNode = FALSE
	EndGlobalSection
EndGlobal
