
Microsoft Visual Studio Solution File, Format Version 11.00
# Visual Studio 2010
Project("{FAE04EC0-301F-11D3-BF4B-00C04F79EFBC}") = "ActualProperties", "ActualProperties.csproj", "{376DAC8A-AA6D-4517-9F10-D6D281EBEDBB}"
EndProject
Global
	GlobalSection(SolutionConfigurationPlatforms) = preSolution
		Debug|Any CPU = Debug|Any CPU
		Release|Any CPU = Release|Any CPU
	EndGlobalSection
	GlobalSection(ProjectConfigurationPlatforms) = postSolution
		{376DAC8A-AA6D-4517-9F10-D6D281EBEDBB}.Debug|Any CPU.ActiveCfg = Debug|Any CPU
		{376DAC8A-AA6D-4517-9F10-D6D281EBEDBB}.Debug|Any CPU.Build.0 = Debug|Any CPU
		{376DAC8A-AA6D-4517-9F10-D6D281EBEDBB}.Release|Any CPU.ActiveCfg = Release|Any CPU
		{376DAC8A-AA6D-4517-9F10-D6D281EBEDBB}.Release|Any CPU.Build.0 = Release|Any CPU
	EndGlobalSection
	GlobalSection(SolutionProperties) = preSolution
		HideSolutionNode = FALSE
	EndGlobalSection
EndGlobal
