
Microsoft Visual Studio Solution File, Format Version 9.00
# Visual Studio 2005
Project("{F184B08F-C81C-45F6-A57F-5ABD9991F28F}") = "ArrangeWBS-2005", "ArrangeWBS\ArrangeWBS-2005.vbproj", "{A45D3305-1043-40AA-84F7-C987E6E4640D}"
EndProject
Global
	GlobalSection(SolutionConfigurationPlatforms) = preSolution
		Debug|Any CPU = Debug|Any CPU
		Release|Any CPU = Release|Any CPU
	EndGlobalSection
	GlobalSection(ProjectConfigurationPlatforms) = postSolution
		{A45D3305-1043-40AA-84F7-C987E6E4640D}.Debug|Any CPU.ActiveCfg = Debug|Any CPU
		{A45D3305-1043-40AA-84F7-C987E6E4640D}.Debug|Any CPU.Build.0 = Debug|Any CPU
		{A45D3305-1043-40AA-84F7-C987E6E4640D}.Release|Any CPU.ActiveCfg = Release|Any CPU
		{A45D3305-1043-40AA-84F7-C987E6E4640D}.Release|Any CPU.Build.0 = Release|Any CPU
	EndGlobalSection
	GlobalSection(SolutionProperties) = preSolution
		HideSolutionNode = FALSE
	EndGlobalSection
EndGlobal
